// !$*UTF8*$!
{
	archiveVersion = 1;
	classes = {
	};
	objectVersion = 46;
	objects = {

/* Begin PBXAggregateTarget section */
		4C84F39F2F78F44CF782DF46 /* PitchTracker - All */ = {
			isa = PBXAggregateTarget;
			buildConfigurationList = A9D60156FFE460F75A93C791 /* Build configuration list for PBXAggregateTarget "PitchTracker - All" */;
			buildPhases = (
			);
			dependencies = (
				BF5B71D7DAE79CFDC32D0F26 /* PBXTargetDependency */,
				A451EB790A6A5C2DD44CB75D /* PBXTargetDependency */,
			);
			name = "PitchTracker - All";
			productName = PitchTracker;
		};
/* End PBXAggregateTarget section */

/* Begin PBXBuildFile section */
		05F4CFB778F16E3539EFA0B4 /* AudioUnit.framework in Frameworks */ = {isa = PBXBuildFile; fileRef = 833A5ED5C6C17095ECC6F89D /* AudioUnit.framework */; };
		0A554961266B5E450033347F /* PluginProcessor.cpp in Sources */ = {isa = PBXBuildFile; fileRef = 27689BA37DFA3DE4F7BCBECD /* PluginProcessor.cpp */; };
		0CA624C529C4969BC258721F /* include_juce_audio_plugin_client_utils.cpp in Sources */ = {isa = PBXBuildFile; fileRef = D04EC745E411B805BF4C012A /* include_juce_audio_plugin_client_utils.cpp */; };
		27AD645D323ABBA6A029369D /* QuartzCore.framework in Frameworks */ = {isa = PBXBuildFile; fileRef = 884FB7A41EA611F9D329D67F /* QuartzCore.framework */; };
		288BCB2F0885B85B980755BF /* include_juce_audio_plugin_client_AU.r in Rez */ = {isa = PBXBuildFile; fileRef = E57643F6E1341F2433AD5444 /* include_juce_audio_plugin_client_AU.r */; };
		3971687E25F4592A9151BE89 /* DiscRecording.framework in Frameworks */ = {isa = PBXBuildFile; fileRef = E6E96C60673590873DC62D84 /* DiscRecording.framework */; };
		3A51D9E66A44ED08C42B9E18 /* WebKit.framework in Frameworks */ = {isa = PBXBuildFile; fileRef = 99E1E8913C13A14DD59F7534 /* WebKit.framework */; };
		3C2FC3E1C7E48AA6D89DB81B /* RecentFilesMenuTemplate.nib in Resources */ = {isa = PBXBuildFile; fileRef = 8F9E94C4187750664EF936A6 /* RecentFilesMenuTemplate.nib */; };
		453B34792F17B7E61EB6BE33 /* include_juce_gui_extra.mm in Sources */ = {isa = PBXBuildFile; fileRef = DE729EFDFE33214C19632422 /* include_juce_gui_extra.mm */; };
		4823E5AD2FDAB2DFB637310C /* include_juce_events.mm in Sources */ = {isa = PBXBuildFile; fileRef = 982FB06C5497EBBA1272C2C9 /* include_juce_events.mm */; };
		4B91236612B523CE781BC5BE /* Cocoa.framework in Frameworks */ = {isa = PBXBuildFile; fileRef = FD523FE19E26E35BC276B161 /* Cocoa.framework */; };
		530BD170FC068380BECCC2AB /* include_juce_audio_plugin_client_AU_1.mm in Sources */ = {isa = PBXBuildFile; fileRef = 6168A09182763FAAEDE0EC2C /* include_juce_audio_plugin_client_AU_1.mm */; };
		6030A9F7BFCF50767F1C182E /* include_juce_audio_utils.mm in Sources */ = {isa = PBXBuildFile; fileRef = 5F77C0D15AF9D0858F300886 /* include_juce_audio_utils.mm */; };
		60373A848C1B9BC8776660E3 /* include_juce_audio_plugin_client_VST_utils.mm in Sources */ = {isa = PBXBuildFile; fileRef = 5E58329106B564E814A7198C /* include_juce_audio_plugin_client_VST_utils.mm */; };
		612F0D79F082E5B072B8463F /* AudioToolbox.framework in Frameworks */ = {isa = PBXBuildFile; fileRef = 57E23762EC4CCD8AC5EC0662 /* AudioToolbox.framework */; };
		742838F2525B00F1C23D6ECE /* EKFPitch.cpp in Sources */ = {isa = PBXBuildFile; fileRef = 26C617C97A7FCF85FFA42F6A /* EKFPitch.cpp */; };
		75214B2F38EDD1C57F149BD1 /* include_juce_graphics.mm in Sources */ = {isa = PBXBuildFile; fileRef = 92CFB2BE32F7911CB6684F31 /* include_juce_graphics.mm */; };
		7CEC5D62A682DDAE1FE3C20B /* PluginProcessor.cpp in Sources */ = {isa = PBXBuildFile; fileRef = 27689BA37DFA3DE4F7BCBECD /* PluginProcessor.cpp */; };
		82DE33E5731D3362D5D2AFEC /* IOKit.framework in Frameworks */ = {isa = PBXBuildFile; fileRef = 8EB3A683F6A7C762B654CC80 /* IOKit.framework */; };
		830B02EA62E618DC9264A9F2 /* include_juce_audio_devices.mm in Sources */ = {isa = PBXBuildFile; fileRef = 624F4BC8998B8A1A5FEFC52A /* include_juce_audio_devices.mm */; };
		9AC3CF6515BADA4FEE9B62B5 /* Carbon.framework in Frameworks */ = {isa = PBXBuildFile; fileRef = DC5FEAAA3FCF772EC79159D8 /* Carbon.framework */; };
		9BE3442658068C8352886AB5 /* include_juce_audio_plugin_client_AU_2.mm in Sources */ = {isa = PBXBuildFile; fileRef = 55957AD4AE43027197633D52 /* include_juce_audio_plugin_client_AU_2.mm */; };
		9F6A02FE42E69759AD505AED /* include_juce_data_structures.mm in Sources */ = {isa = PBXBuildFile; fileRef = BCF80DA0B22BB82A972BABA5 /* include_juce_data_structures.mm */; };
		A41455E8A43DE273E1575725 /* include_juce_audio_basics.mm in Sources */ = {isa = PBXBuildFile; fileRef = B45B35D29B3EC22EF68D6143 /* include_juce_audio_basics.mm */; };
		AE2621D43DABD690A8B7E024 /* include_juce_core.mm in Sources */ = {isa = PBXBuildFile; fileRef = E07D5A26058C39781AC778E2 /* include_juce_core.mm */; };
		B467613FBA089EA9483E1889 /* CoreAudioKit.framework in Frameworks */ = {isa = PBXBuildFile; fileRef = B80D9AA23C37BB2A5718B35F /* CoreAudioKit.framework */; };
		B8E58BE1434BF92BF9CA6B8B /* CoreMIDI.framework in Frameworks */ = {isa = PBXBuildFile; fileRef = 33E7E07EB92329FCB601F9CE /* CoreMIDI.framework */; };
		C27557900BF00C8516AD5586 /* Accelerate.framework in Frameworks */ = {isa = PBXBuildFile; fileRef = 87187B7DC2EC1A5D4F3BA7C2 /* Accelerate.framework */; };
		C3BE0FCFF281B7D9C438E806 /* include_juce_gui_basics.mm in Sources */ = {isa = PBXBuildFile; fileRef = 070301CA2D0F66A436242312 /* include_juce_gui_basics.mm */; };
		C8E2E2F6F5B19C56156AA08B /* include_juce_audio_processors.mm in Sources */ = {isa = PBXBuildFile; fileRef = E187949CB0D5BF13B2C6ED1E /* include_juce_audio_processors.mm */; };
		D05143883F6F9F8DF3EE39F8 /* CoreAudio.framework in Frameworks */ = {isa = PBXBuildFile; fileRef = 46CC9F3ED7223E7E0AFA0872 /* CoreAudio.framework */; };
		E57831B1C1498917FFA97C68 /* include_juce_audio_formats.mm in Sources */ = {isa = PBXBuildFile; fileRef = 5630C1CA79C24676C764C331 /* include_juce_audio_formats.mm */; };
		E5D330F6928514A11C5F51F7 /* include_juce_dsp.mm in Sources */ = {isa = PBXBuildFile; fileRef = 8F17992D55B10073FCBE5724 /* include_juce_dsp.mm */; };
		FF20A48744140FE673A53F54 /* PluginEditor.cpp in Sources */ = {isa = PBXBuildFile; fileRef = 64D9CC7AA3699DFF5E8A7F9D /* PluginEditor.cpp */; };
/* End PBXBuildFile section */

/* Begin PBXContainerItemProxy section */
		0A0398C8266A932B0097F34E /* PBXContainerItemProxy */ = {
			isa = PBXContainerItemProxy;
			containerPortal = 05C3612F1BF61C530AFE9965 /* Project object */;
			proxyType = 1;
			remoteGlobalIDString = B9955DB08801C9E9FB293FED;
			remoteInfo = "PitchTracker - AU";
		};
		0A0398C9266A932B0097F34E /* PBXContainerItemProxy */ = {
			isa = PBXContainerItemProxy;
			containerPortal = 05C3612F1BF61C530AFE9965 /* Project object */;
			proxyType = 1;
			remoteGlobalIDString = 88F8AF5A468F4B3046647CC8;
			remoteInfo = "PitchTracker - Shared Code";
		};
		0A0398CA266A932B0097F34E /* PBXContainerItemProxy */ = {
			isa = PBXContainerItemProxy;
			containerPortal = 05C3612F1BF61C530AFE9965 /* Project object */;
			proxyType = 1;
			remoteGlobalIDString = 88F8AF5A468F4B3046647CC8;
			remoteInfo = "PitchTracker - Shared Code";
		};
/* End PBXContainerItemProxy section */

/* Begin PBXFileReference section */
		070301CA2D0F66A436242312 /* include_juce_gui_basics.mm */ = {isa = PBXFileReference; lastKnownFileType = sourcecode.cpp.objcpp; name = include_juce_gui_basics.mm; path = ../../JuceLibraryCode/include_juce_gui_basics.mm; sourceTree = SOURCE_ROOT; };
		1510D86E31116BD8A2245927 /* juce_audio_devices */ = {isa = PBXFileReference; lastKnownFileType = folder; name = juce_audio_devices; path = /Users/orchisamadas/JUCE/modules/juce_audio_devices; sourceTree = "<absolute>"; };
		1583EDA8A8A1B3A63F18DE0F /* juce_data_structures */ = {isa = PBXFileReference; lastKnownFileType = folder; name = juce_data_structures; path = /Users/orchisamadas/JUCE/modules/juce_data_structures; sourceTree = "<absolute>"; };
		26C617C97A7FCF85FFA42F6A /* EKFPitch.cpp */ = {isa = PBXFileReference; lastKnownFileType = sourcecode.cpp.cpp; name = EKFPitch.cpp; path = ../../Source/EKFPitch.cpp; sourceTree = SOURCE_ROOT; };
		27689BA37DFA3DE4F7BCBECD /* PluginProcessor.cpp */ = {isa = PBXFileReference; lastKnownFileType = sourcecode.cpp.cpp; name = PluginProcessor.cpp; path = ../../Source/PluginProcessor.cpp; sourceTree = SOURCE_ROOT; };
		28E556B4E7AD2A13B4C644FD /* Info-AU.plist */ = {isa = PBXFileReference; lastKnownFileType = text.plist.xml; path = "Info-AU.plist"; sourceTree = SOURCE_ROOT; };
		33E7E07EB92329FCB601F9CE /* CoreMIDI.framework */ = {isa = PBXFileReference; lastKnownFileType = wrapper.framework; name = CoreMIDI.framework; path = System/Library/Frameworks/CoreMIDI.framework; sourceTree = SDKROOT; };
		3F0A99ED66D6627498C3259D /* JuceHeader.h */ = {isa = PBXFileReference; lastKnownFileType = sourcecode.c.h; name = JuceHeader.h; path = ../../JuceLibraryCode/JuceHeader.h; sourceTree = SOURCE_ROOT; };
		42CF6AEEBC9CFD84E8AC1BEC /* juce_gui_basics */ = {isa = PBXFileReference; lastKnownFileType = folder; name = juce_gui_basics; path = /Users/orchisamadas/JUCE/modules/juce_gui_basics; sourceTree = "<absolute>"; };
		44BBE322395B0804B080D1E3 /* juce_events */ = {isa = PBXFileReference; lastKnownFileType = folder; name = juce_events; path = /Users/orchisamadas/JUCE/modules/juce_events; sourceTree = "<absolute>"; };
		46CC9F3ED7223E7E0AFA0872 /* CoreAudio.framework */ = {isa = PBXFileReference; lastKnownFileType = wrapper.framework; name = CoreAudio.framework; path = System/Library/Frameworks/CoreAudio.framework; sourceTree = SDKROOT; };
		477201487AF4EC982BA52B44 /* juce_audio_plugin_client */ = {isa = PBXFileReference; lastKnownFileType = folder; name = juce_audio_plugin_client; path = /Users/orchisamadas/JUCE/modules/juce_audio_plugin_client; sourceTree = "<absolute>"; };
		4AEE49079AF4A210BD597AFB /* juce_graphics */ = {isa = PBXFileReference; lastKnownFileType = folder; name = juce_graphics; path = /Users/orchisamadas/JUCE/modules/juce_graphics; sourceTree = "<absolute>"; };
		4D594AA877E1BD4B4238A3D3 /* juce_audio_utils */ = {isa = PBXFileReference; lastKnownFileType = folder; name = juce_audio_utils; path = /Users/orchisamadas/JUCE/modules/juce_audio_utils; sourceTree = "<absolute>"; };
		4E7043BA005FC8D13128DEED /* juce_audio_processors */ = {isa = PBXFileReference; lastKnownFileType = folder; name = juce_audio_processors; path = /Users/orchisamadas/JUCE/modules/juce_audio_processors; sourceTree = "<absolute>"; };
		4FF112C9B24676DBE232BE23 /* juce_audio_formats */ = {isa = PBXFileReference; lastKnownFileType = folder; name = juce_audio_formats; path = /Users/orchisamadas/JUCE/modules/juce_audio_formats; sourceTree = "<absolute>"; };
		55957AD4AE43027197633D52 /* include_juce_audio_plugin_client_AU_2.mm */ = {isa = PBXFileReference; lastKnownFileType = sourcecode.cpp.objcpp; name = include_juce_audio_plugin_client_AU_2.mm; path = ../../JuceLibraryCode/include_juce_audio_plugin_client_AU_2.mm; sourceTree = SOURCE_ROOT; };
		5630C1CA79C24676C764C331 /* include_juce_audio_formats.mm */ = {isa = PBXFileReference; lastKnownFileType = sourcecode.cpp.objcpp; name = include_juce_audio_formats.mm; path = ../../JuceLibraryCode/include_juce_audio_formats.mm; sourceTree = SOURCE_ROOT; };
		57E23762EC4CCD8AC5EC0662 /* AudioToolbox.framework */ = {isa = PBXFileReference; lastKnownFileType = wrapper.framework; name = AudioToolbox.framework; path = System/Library/Frameworks/AudioToolbox.framework; sourceTree = SDKROOT; };
		599162228DF0B4FC48937109 /* juce_gui_extra */ = {isa = PBXFileReference; lastKnownFileType = folder; name = juce_gui_extra; path = /Users/orchisamadas/JUCE/modules/juce_gui_extra; sourceTree = "<absolute>"; };
		5CD3E988190765A11F211F42 /* juce_dsp */ = {isa = PBXFileReference; lastKnownFileType = folder; name = juce_dsp; path = /Users/orchisamadas/JUCE/modules/juce_dsp; sourceTree = "<absolute>"; };
		5E58329106B564E814A7198C /* include_juce_audio_plugin_client_VST_utils.mm */ = {isa = PBXFileReference; lastKnownFileType = sourcecode.cpp.objcpp; name = include_juce_audio_plugin_client_VST_utils.mm; path = ../../JuceLibraryCode/include_juce_audio_plugin_client_VST_utils.mm; sourceTree = SOURCE_ROOT; };
		5F77C0D15AF9D0858F300886 /* include_juce_audio_utils.mm */ = {isa = PBXFileReference; lastKnownFileType = sourcecode.cpp.objcpp; name = include_juce_audio_utils.mm; path = ../../JuceLibraryCode/include_juce_audio_utils.mm; sourceTree = SOURCE_ROOT; };
		6168A09182763FAAEDE0EC2C /* include_juce_audio_plugin_client_AU_1.mm */ = {isa = PBXFileReference; lastKnownFileType = sourcecode.cpp.objcpp; name = include_juce_audio_plugin_client_AU_1.mm; path = ../../JuceLibraryCode/include_juce_audio_plugin_client_AU_1.mm; sourceTree = SOURCE_ROOT; };
		624F4BC8998B8A1A5FEFC52A /* include_juce_audio_devices.mm */ = {isa = PBXFileReference; lastKnownFileType = sourcecode.cpp.objcpp; name = include_juce_audio_devices.mm; path = ../../JuceLibraryCode/include_juce_audio_devices.mm; sourceTree = SOURCE_ROOT; };
		64D9CC7AA3699DFF5E8A7F9D /* PluginEditor.cpp */ = {isa = PBXFileReference; lastKnownFileType = sourcecode.cpp.cpp; name = PluginEditor.cpp; path = ../../Source/PluginEditor.cpp; sourceTree = SOURCE_ROOT; };
		76FE8C6716F5AAF442D2E103 /* libPitchTracker.a */ = {isa = PBXFileReference; explicitFileType = archive.ar; includeInIndex = 0; path = libPitchTracker.a; sourceTree = BUILT_PRODUCTS_DIR; };
		833A5ED5C6C17095ECC6F89D /* AudioUnit.framework */ = {isa = PBXFileReference; lastKnownFileType = wrapper.framework; name = AudioUnit.framework; path = System/Library/Frameworks/AudioUnit.framework; sourceTree = SDKROOT; };
		863D5455201420EB013C1921 /* JucePluginDefines.h */ = {isa = PBXFileReference; lastKnownFileType = sourcecode.c.h; name = JucePluginDefines.h; path = ../../JuceLibraryCode/JucePluginDefines.h; sourceTree = SOURCE_ROOT; };
		8655426052A93921E03DCB11 /* juce_audio_basics */ = {isa = PBXFileReference; lastKnownFileType = folder; name = juce_audio_basics; path = /Users/orchisamadas/JUCE/modules/juce_audio_basics; sourceTree = "<absolute>"; };
		87187B7DC2EC1A5D4F3BA7C2 /* Accelerate.framework */ = {isa = PBXFileReference; lastKnownFileType = wrapper.framework; name = Accelerate.framework; path = System/Library/Frameworks/Accelerate.framework; sourceTree = SDKROOT; };
		884FB7A41EA611F9D329D67F /* QuartzCore.framework */ = {isa = PBXFileReference; lastKnownFileType = wrapper.framework; name = QuartzCore.framework; path = System/Library/Frameworks/QuartzCore.framework; sourceTree = SDKROOT; };
		8EB3A683F6A7C762B654CC80 /* IOKit.framework */ = {isa = PBXFileReference; lastKnownFileType = wrapper.framework; name = IOKit.framework; path = System/Library/Frameworks/IOKit.framework; sourceTree = SDKROOT; };
		8F17992D55B10073FCBE5724 /* include_juce_dsp.mm */ = {isa = PBXFileReference; lastKnownFileType = sourcecode.cpp.objcpp; name = include_juce_dsp.mm; path = ../../JuceLibraryCode/include_juce_dsp.mm; sourceTree = SOURCE_ROOT; };
		8F9E94C4187750664EF936A6 /* RecentFilesMenuTemplate.nib */ = {isa = PBXFileReference; lastKnownFileType = file.nib; path = RecentFilesMenuTemplate.nib; sourceTree = SOURCE_ROOT; };
		92CFB2BE32F7911CB6684F31 /* include_juce_graphics.mm */ = {isa = PBXFileReference; lastKnownFileType = sourcecode.cpp.objcpp; name = include_juce_graphics.mm; path = ../../JuceLibraryCode/include_juce_graphics.mm; sourceTree = SOURCE_ROOT; };
		982FB06C5497EBBA1272C2C9 /* include_juce_events.mm */ = {isa = PBXFileReference; lastKnownFileType = sourcecode.cpp.objcpp; name = include_juce_events.mm; path = ../../JuceLibraryCode/include_juce_events.mm; sourceTree = SOURCE_ROOT; };
		99E1E8913C13A14DD59F7534 /* WebKit.framework */ = {isa = PBXFileReference; lastKnownFileType = wrapper.framework; name = WebKit.framework; path = System/Library/Frameworks/WebKit.framework; sourceTree = SDKROOT; };
		B45B35D29B3EC22EF68D6143 /* include_juce_audio_basics.mm */ = {isa = PBXFileReference; lastKnownFileType = sourcecode.cpp.objcpp; name = include_juce_audio_basics.mm; path = ../../JuceLibraryCode/include_juce_audio_basics.mm; sourceTree = SOURCE_ROOT; };
		B4E8021DD1FA92E8BA311A40 /* juce_core */ = {isa = PBXFileReference; lastKnownFileType = folder; name = juce_core; path = /Users/orchisamadas/JUCE/modules/juce_core; sourceTree = "<absolute>"; };
		B7FC5FC3E3367C2FF449C7E4 /* EKFPitch.h */ = {isa = PBXFileReference; lastKnownFileType = sourcecode.c.h; name = EKFPitch.h; path = ../../Source/EKFPitch.h; sourceTree = SOURCE_ROOT; };
		B80D9AA23C37BB2A5718B35F /* CoreAudioKit.framework */ = {isa = PBXFileReference; lastKnownFileType = wrapper.framework; name = CoreAudioKit.framework; path = System/Library/Frameworks/CoreAudioKit.framework; sourceTree = SDKROOT; };
		BA99D99C3C9C8BB2E2D1F80A /* PluginProcessor.h */ = {isa = PBXFileReference; lastKnownFileType = sourcecode.c.h; name = PluginProcessor.h; path = ../../Source/PluginProcessor.h; sourceTree = SOURCE_ROOT; };
		BC0EE5EF9752B8E1B799BE75 /* PluginEditor.h */ = {isa = PBXFileReference; lastKnownFileType = sourcecode.c.h; name = PluginEditor.h; path = ../../Source/PluginEditor.h; sourceTree = SOURCE_ROOT; };
		BCF80DA0B22BB82A972BABA5 /* include_juce_data_structures.mm */ = {isa = PBXFileReference; lastKnownFileType = sourcecode.cpp.objcpp; name = include_juce_data_structures.mm; path = ../../JuceLibraryCode/include_juce_data_structures.mm; sourceTree = SOURCE_ROOT; };
		D04EC745E411B805BF4C012A /* include_juce_audio_plugin_client_utils.cpp */ = {isa = PBXFileReference; lastKnownFileType = sourcecode.cpp.cpp; name = include_juce_audio_plugin_client_utils.cpp; path = ../../JuceLibraryCode/include_juce_audio_plugin_client_utils.cpp; sourceTree = SOURCE_ROOT; };
		DC5FEAAA3FCF772EC79159D8 /* Carbon.framework */ = {isa = PBXFileReference; lastKnownFileType = wrapper.framework; name = Carbon.framework; path = System/Library/Frameworks/Carbon.framework; sourceTree = SDKROOT; };
		DE729EFDFE33214C19632422 /* include_juce_gui_extra.mm */ = {isa = PBXFileReference; lastKnownFileType = sourcecode.cpp.objcpp; name = include_juce_gui_extra.mm; path = ../../JuceLibraryCode/include_juce_gui_extra.mm; sourceTree = SOURCE_ROOT; };
		E07D5A26058C39781AC778E2 /* include_juce_core.mm */ = {isa = PBXFileReference; lastKnownFileType = sourcecode.cpp.objcpp; name = include_juce_core.mm; path = ../../JuceLibraryCode/include_juce_core.mm; sourceTree = SOURCE_ROOT; };
		E0A93ADE25B03AD6F596128E /* PitchTracker.component */ = {isa = PBXFileReference; explicitFileType = wrapper.cfbundle; includeInIndex = 0; path = PitchTracker.component; sourceTree = BUILT_PRODUCTS_DIR; };
		E187949CB0D5BF13B2C6ED1E /* include_juce_audio_processors.mm */ = {isa = PBXFileReference; lastKnownFileType = sourcecode.cpp.objcpp; name = include_juce_audio_processors.mm; path = ../../JuceLibraryCode/include_juce_audio_processors.mm; sourceTree = SOURCE_ROOT; };
		E57643F6E1341F2433AD5444 /* include_juce_audio_plugin_client_AU.r */ = {isa = PBXFileReference; lastKnownFileType = file.r; name = include_juce_audio_plugin_client_AU.r; path = ../../JuceLibraryCode/include_juce_audio_plugin_client_AU.r; sourceTree = SOURCE_ROOT; };
		E6E96C60673590873DC62D84 /* DiscRecording.framework */ = {isa = PBXFileReference; lastKnownFileType = wrapper.framework; name = DiscRecording.framework; path = System/Library/Frameworks/DiscRecording.framework; sourceTree = SDKROOT; };
		FD523FE19E26E35BC276B161 /* Cocoa.framework */ = {isa = PBXFileReference; lastKnownFileType = wrapper.framework; name = Cocoa.framework; path = System/Library/Frameworks/Cocoa.framework; sourceTree = SDKROOT; };
/* End PBXFileReference section */

/* Begin PBXFrameworksBuildPhase section */
		0D568DABA2C7379775100EDA /* Frameworks */ = {
			isa = PBXFrameworksBuildPhase;
			buildActionMask = 2147483647;
			files = (
				05F4CFB778F16E3539EFA0B4 /* AudioUnit.framework in Frameworks */,
				C27557900BF00C8516AD5586 /* Accelerate.framework in Frameworks */,
				612F0D79F082E5B072B8463F /* AudioToolbox.framework in Frameworks */,
				9AC3CF6515BADA4FEE9B62B5 /* Carbon.framework in Frameworks */,
				4B91236612B523CE781BC5BE /* Cocoa.framework in Frameworks */,
				D05143883F6F9F8DF3EE39F8 /* CoreAudio.framework in Frameworks */,
				B467613FBA089EA9483E1889 /* CoreAudioKit.framework in Frameworks */,
				B8E58BE1434BF92BF9CA6B8B /* CoreMIDI.framework in Frameworks */,
				3971687E25F4592A9151BE89 /* DiscRecording.framework in Frameworks */,
				82DE33E5731D3362D5D2AFEC /* IOKit.framework in Frameworks */,
				27AD645D323ABBA6A029369D /* QuartzCore.framework in Frameworks */,
				3A51D9E66A44ED08C42B9E18 /* WebKit.framework in Frameworks */,
			);
			runOnlyForDeploymentPostprocessing = 0;
		};
/* End PBXFrameworksBuildPhase section */

/* Begin PBXGroup section */
		0D198433F2E4B0AE31938D7E /* JUCE Modules */ = {
			isa = PBXGroup;
			children = (
				8655426052A93921E03DCB11 /* juce_audio_basics */,
				1510D86E31116BD8A2245927 /* juce_audio_devices */,
				4FF112C9B24676DBE232BE23 /* juce_audio_formats */,
				477201487AF4EC982BA52B44 /* juce_audio_plugin_client */,
				4E7043BA005FC8D13128DEED /* juce_audio_processors */,
				4D594AA877E1BD4B4238A3D3 /* juce_audio_utils */,
				B4E8021DD1FA92E8BA311A40 /* juce_core */,
				1583EDA8A8A1B3A63F18DE0F /* juce_data_structures */,
				5CD3E988190765A11F211F42 /* juce_dsp */,
				44BBE322395B0804B080D1E3 /* juce_events */,
				4AEE49079AF4A210BD597AFB /* juce_graphics */,
				42CF6AEEBC9CFD84E8AC1BEC /* juce_gui_basics */,
				599162228DF0B4FC48937109 /* juce_gui_extra */,
			);
			name = "JUCE Modules";
			sourceTree = "<group>";
		};
		1DDCAC167D1E02B5983AFFB8 /* Frameworks */ = {
			isa = PBXGroup;
			children = (
				833A5ED5C6C17095ECC6F89D /* AudioUnit.framework */,
				87187B7DC2EC1A5D4F3BA7C2 /* Accelerate.framework */,
				57E23762EC4CCD8AC5EC0662 /* AudioToolbox.framework */,
				DC5FEAAA3FCF772EC79159D8 /* Carbon.framework */,
				FD523FE19E26E35BC276B161 /* Cocoa.framework */,
				46CC9F3ED7223E7E0AFA0872 /* CoreAudio.framework */,
				B80D9AA23C37BB2A5718B35F /* CoreAudioKit.framework */,
				33E7E07EB92329FCB601F9CE /* CoreMIDI.framework */,
				E6E96C60673590873DC62D84 /* DiscRecording.framework */,
				8EB3A683F6A7C762B654CC80 /* IOKit.framework */,
				884FB7A41EA611F9D329D67F /* QuartzCore.framework */,
				99E1E8913C13A14DD59F7534 /* WebKit.framework */,
			);
			name = Frameworks;
			sourceTree = "<group>";
		};
		33028B26846620C82B3DC209 /* PitchTracker */ = {
			isa = PBXGroup;
			children = (
				7FCB94CAF1F182C574FA7191 /* Source */,
			);
			name = PitchTracker;
			sourceTree = "<group>";
		};
		3CA8235F37569F3FEDCAB032 /* Products */ = {
			isa = PBXGroup;
			children = (
				E0A93ADE25B03AD6F596128E /* PitchTracker.component */,
				76FE8C6716F5AAF442D2E103 /* libPitchTracker.a */,
			);
			name = Products;
			sourceTree = "<group>";
		};
		4458CEE9F0349C12BAEC614C /* Resources */ = {
			isa = PBXGroup;
			children = (
				28E556B4E7AD2A13B4C644FD /* Info-AU.plist */,
				8F9E94C4187750664EF936A6 /* RecentFilesMenuTemplate.nib */,
			);
			name = Resources;
			sourceTree = "<group>";
		};
		7FCB94CAF1F182C574FA7191 /* Source */ = {
			isa = PBXGroup;
			children = (
				26C617C97A7FCF85FFA42F6A /* EKFPitch.cpp */,
				B7FC5FC3E3367C2FF449C7E4 /* EKFPitch.h */,
				27689BA37DFA3DE4F7BCBECD /* PluginProcessor.cpp */,
				BA99D99C3C9C8BB2E2D1F80A /* PluginProcessor.h */,
				64D9CC7AA3699DFF5E8A7F9D /* PluginEditor.cpp */,
				BC0EE5EF9752B8E1B799BE75 /* PluginEditor.h */,
			);
			name = Source;
			sourceTree = "<group>";
		};
		92930EF6AD6FFABEBEF8467F /* Source */ = {
			isa = PBXGroup;
			children = (
				33028B26846620C82B3DC209 /* PitchTracker */,
				0D198433F2E4B0AE31938D7E /* JUCE Modules */,
				B306AEEC5413F9F654C6051A /* JUCE Library Code */,
				4458CEE9F0349C12BAEC614C /* Resources */,
				1DDCAC167D1E02B5983AFFB8 /* Frameworks */,
				3CA8235F37569F3FEDCAB032 /* Products */,
			);
			name = Source;
			sourceTree = "<group>";
		};
		B306AEEC5413F9F654C6051A /* JUCE Library Code */ = {
			isa = PBXGroup;
			children = (
				B45B35D29B3EC22EF68D6143 /* include_juce_audio_basics.mm */,
				624F4BC8998B8A1A5FEFC52A /* include_juce_audio_devices.mm */,
				5630C1CA79C24676C764C331 /* include_juce_audio_formats.mm */,
				E57643F6E1341F2433AD5444 /* include_juce_audio_plugin_client_AU.r */,
				6168A09182763FAAEDE0EC2C /* include_juce_audio_plugin_client_AU_1.mm */,
				55957AD4AE43027197633D52 /* include_juce_audio_plugin_client_AU_2.mm */,
				D04EC745E411B805BF4C012A /* include_juce_audio_plugin_client_utils.cpp */,
				5E58329106B564E814A7198C /* include_juce_audio_plugin_client_VST_utils.mm */,
				E187949CB0D5BF13B2C6ED1E /* include_juce_audio_processors.mm */,
				5F77C0D15AF9D0858F300886 /* include_juce_audio_utils.mm */,
				E07D5A26058C39781AC778E2 /* include_juce_core.mm */,
				BCF80DA0B22BB82A972BABA5 /* include_juce_data_structures.mm */,
				8F17992D55B10073FCBE5724 /* include_juce_dsp.mm */,
				982FB06C5497EBBA1272C2C9 /* include_juce_events.mm */,
				92CFB2BE32F7911CB6684F31 /* include_juce_graphics.mm */,
				070301CA2D0F66A436242312 /* include_juce_gui_basics.mm */,
				DE729EFDFE33214C19632422 /* include_juce_gui_extra.mm */,
				3F0A99ED66D6627498C3259D /* JuceHeader.h */,
				863D5455201420EB013C1921 /* JucePluginDefines.h */,
			);
			name = "JUCE Library Code";
			sourceTree = "<group>";
		};
/* End PBXGroup section */

/* Begin PBXNativeTarget section */
		88F8AF5A468F4B3046647CC8 /* PitchTracker - Shared Code */ = {
			isa = PBXNativeTarget;
			buildConfigurationList = 84EA565C2238F3C243A2379E /* Build configuration list for PBXNativeTarget "PitchTracker - Shared Code" */;
			buildPhases = (
				292507DA969442415BA930D2 /* Sources */,
			);
			buildRules = (
			);
			dependencies = (
			);
			name = "PitchTracker - Shared Code";
			productName = PitchTracker;
			productReference = 76FE8C6716F5AAF442D2E103 /* libPitchTracker.a */;
			productType = "com.apple.product-type.library.static";
		};
		B9955DB08801C9E9FB293FED /* PitchTracker - AU */ = {
			isa = PBXNativeTarget;
			buildConfigurationList = 830073A2C18057F48FB1445B /* Build configuration list for PBXNativeTarget "PitchTracker - AU" */;
			buildPhases = (
				0B0E960D0FBF5D752EDE70B0 /* Resources */,
				0D2785D7E0C37319C897D9FA /* Rez */,
				FC2FAA7CFE9C864B39DAC578 /* Sources */,
				0D568DABA2C7379775100EDA /* Frameworks */,
			);
			buildRules = (
			);
			dependencies = (
				3A0BB9D26B4D66AB1EF64751 /* PBXTargetDependency */,
			);
			name = "PitchTracker - AU";
			productName = PitchTracker;
			productReference = E0A93ADE25B03AD6F596128E /* PitchTracker.component */;
			productType = "com.apple.product-type.bundle";
		};
/* End PBXNativeTarget section */

/* Begin PBXProject section */
		05C3612F1BF61C530AFE9965 /* Project object */ = {
			isa = PBXProject;
			attributes = {
				LastUpgradeCheck = 1200;
				ORGANIZATIONNAME = orchi;
				TargetAttributes = {
					4C84F39F2F78F44CF782DF46 = {
						SystemCapabilities = {
							com.apple.ApplicationGroups.iOS = {
								enabled = 0;
							};
							com.apple.HardenedRuntime = {
								enabled = 0;
							};
							com.apple.InAppPurchase = {
								enabled = 0;
							};
							com.apple.InterAppAudio = {
								enabled = 0;
							};
							com.apple.Push = {
								enabled = 0;
							};
							com.apple.Sandbox = {
								enabled = 0;
							};
						};
					};
					88F8AF5A468F4B3046647CC8 = {
						SystemCapabilities = {
							com.apple.ApplicationGroups.iOS = {
								enabled = 0;
							};
							com.apple.HardenedRuntime = {
								enabled = 0;
							};
							com.apple.InAppPurchase = {
								enabled = 0;
							};
							com.apple.InterAppAudio = {
								enabled = 0;
							};
							com.apple.Push = {
								enabled = 0;
							};
							com.apple.Sandbox = {
								enabled = 0;
							};
						};
					};
					B9955DB08801C9E9FB293FED = {
						SystemCapabilities = {
							com.apple.ApplicationGroups.iOS = {
								enabled = 0;
							};
							com.apple.HardenedRuntime = {
								enabled = 0;
							};
							com.apple.InAppPurchase = {
								enabled = 0;
							};
							com.apple.InterAppAudio = {
								enabled = 0;
							};
							com.apple.Push = {
								enabled = 0;
							};
							com.apple.Sandbox = {
								enabled = 0;
							};
						};
					};
				};
			};
			buildConfigurationList = E794F1212126AA1F2F3CAD8E /* Build configuration list for PBXProject "PitchTracker" */;
			compatibilityVersion = "Xcode 3.2";
			developmentRegion = en;
			hasScannedForEncodings = 0;
			knownRegions = (
				en,
				Base,
			);
			mainGroup = 92930EF6AD6FFABEBEF8467F /* Source */;
			projectDirPath = "";
			projectRoot = "";
			targets = (
				4C84F39F2F78F44CF782DF46 /* PitchTracker - All */,
				B9955DB08801C9E9FB293FED /* PitchTracker - AU */,
				88F8AF5A468F4B3046647CC8 /* PitchTracker - Shared Code */,
			);
		};
/* End PBXProject section */

/* Begin PBXResourcesBuildPhase section */
		0B0E960D0FBF5D752EDE70B0 /* Resources */ = {
			isa = PBXResourcesBuildPhase;
			buildActionMask = 2147483647;
			files = (
				3C2FC3E1C7E48AA6D89DB81B /* RecentFilesMenuTemplate.nib in Resources */,
			);
			runOnlyForDeploymentPostprocessing = 0;
		};
/* End PBXResourcesBuildPhase section */

/* Begin PBXRezBuildPhase section */
		0D2785D7E0C37319C897D9FA /* Rez */ = {
			isa = PBXRezBuildPhase;
			buildActionMask = 2147483647;
			files = (
				288BCB2F0885B85B980755BF /* include_juce_audio_plugin_client_AU.r in Rez */,
			);
			runOnlyForDeploymentPostprocessing = 0;
		};
/* End PBXRezBuildPhase section */

/* Begin PBXSourcesBuildPhase section */
		292507DA969442415BA930D2 /* Sources */ = {
			isa = PBXSourcesBuildPhase;
			buildActionMask = 2147483647;
			files = (
				742838F2525B00F1C23D6ECE /* EKFPitch.cpp in Sources */,
				7CEC5D62A682DDAE1FE3C20B /* PluginProcessor.cpp in Sources */,
				FF20A48744140FE673A53F54 /* PluginEditor.cpp in Sources */,
				A41455E8A43DE273E1575725 /* include_juce_audio_basics.mm in Sources */,
				830B02EA62E618DC9264A9F2 /* include_juce_audio_devices.mm in Sources */,
				E57831B1C1498917FFA97C68 /* include_juce_audio_formats.mm in Sources */,
				0CA624C529C4969BC258721F /* include_juce_audio_plugin_client_utils.cpp in Sources */,
				60373A848C1B9BC8776660E3 /* include_juce_audio_plugin_client_VST_utils.mm in Sources */,
				C8E2E2F6F5B19C56156AA08B /* include_juce_audio_processors.mm in Sources */,
				6030A9F7BFCF50767F1C182E /* include_juce_audio_utils.mm in Sources */,
				AE2621D43DABD690A8B7E024 /* include_juce_core.mm in Sources */,
				9F6A02FE42E69759AD505AED /* include_juce_data_structures.mm in Sources */,
				E5D330F6928514A11C5F51F7 /* include_juce_dsp.mm in Sources */,
				4823E5AD2FDAB2DFB637310C /* include_juce_events.mm in Sources */,
				75214B2F38EDD1C57F149BD1 /* include_juce_graphics.mm in Sources */,
				C3BE0FCFF281B7D9C438E806 /* include_juce_gui_basics.mm in Sources */,
				453B34792F17B7E61EB6BE33 /* include_juce_gui_extra.mm in Sources */,
			);
			runOnlyForDeploymentPostprocessing = 0;
		};
		FC2FAA7CFE9C864B39DAC578 /* Sources */ = {
			isa = PBXSourcesBuildPhase;
			buildActionMask = 2147483647;
			files = (
				530BD170FC068380BECCC2AB /* include_juce_audio_plugin_client_AU_1.mm in Sources */,
				9BE3442658068C8352886AB5 /* include_juce_audio_plugin_client_AU_2.mm in Sources */,
				0A554961266B5E450033347F /* PluginProcessor.cpp in Sources */,
			);
			runOnlyForDeploymentPostprocessing = 0;
		};
/* End PBXSourcesBuildPhase section */

/* Begin PBXTargetDependency section */
		3A0BB9D26B4D66AB1EF64751 /* PBXTargetDependency */ = {
			isa = PBXTargetDependency;
			target = 88F8AF5A468F4B3046647CC8 /* PitchTracker - Shared Code */;
			targetProxy = 0A0398C9266A932B0097F34E /* PBXContainerItemProxy */;
		};
		A451EB790A6A5C2DD44CB75D /* PBXTargetDependency */ = {
			isa = PBXTargetDependency;
			target = 88F8AF5A468F4B3046647CC8 /* PitchTracker - Shared Code */;
			targetProxy = 0A0398CA266A932B0097F34E /* PBXContainerItemProxy */;
		};
		BF5B71D7DAE79CFDC32D0F26 /* PBXTargetDependency */ = {
			isa = PBXTargetDependency;
			target = B9955DB08801C9E9FB293FED /* PitchTracker - AU */;
			targetProxy = 0A0398C8266A932B0097F34E /* PBXContainerItemProxy */;
		};
/* End PBXTargetDependency section */

/* Begin XCBuildConfiguration section */
		4EA70F0B4C7F9CF72BB1B568 /* Release */ = {
			isa = XCBuildConfiguration;
			buildSettings = {
				CLANG_CXX_LANGUAGE_STANDARD = "c++14";
				CLANG_CXX_LIBRARY = "libc++";
				CLANG_LINK_OBJC_RUNTIME = NO;
				CODE_SIGN_IDENTITY = "";
				COMBINE_HIDPI_IMAGES = YES;
				CONFIGURATION_BUILD_DIR = "$(PROJECT_DIR)/build/$(CONFIGURATION)";
				DEAD_CODE_STRIPPING = YES;
				GCC_GENERATE_DEBUGGING_SYMBOLS = NO;
				GCC_OPTIMIZATION_LEVEL = 3;
				GCC_PREPROCESSOR_DEFINITIONS = (
					"_NDEBUG=1",
					"NDEBUG=1",
					"JUCER_XCODE_MAC_F6D2F4CF=1",
					"JUCE_APP_VERSION=1.0.0",
					"JUCE_APP_VERSION_HEX=0x10000",
					"JucePlugin_Build_VST=0",
					"JucePlugin_Build_VST3=0",
					"JucePlugin_Build_AU=1",
					"JucePlugin_Build_AUv3=0",
					"JucePlugin_Build_RTAS=0",
					"JucePlugin_Build_AAX=0",
					"JucePlugin_Build_Standalone=0",
					"JucePlugin_Build_Unity=0",
					"JUCE_SHARED_CODE=1",
					"JUCE_DISPLAY_SPLASH_SCREEN=1",
					"JUCE_USE_DARK_SPLASH_SCREEN=1",
					"JUCE_PROJUCER_VERSION=0x60004",
					"JUCE_MODULE_AVAILABLE_juce_audio_basics=1",
					"JUCE_MODULE_AVAILABLE_juce_audio_devices=1",
					"JUCE_MODULE_AVAILABLE_juce_audio_formats=1",
					"JUCE_MODULE_AVAILABLE_juce_audio_plugin_client=1",
					"JUCE_MODULE_AVAILABLE_juce_audio_processors=1",
					"JUCE_MODULE_AVAILABLE_juce_audio_utils=1",
					"JUCE_MODULE_AVAILABLE_juce_core=1",
					"JUCE_MODULE_AVAILABLE_juce_data_structures=1",
					"JUCE_MODULE_AVAILABLE_juce_dsp=1",
					"JUCE_MODULE_AVAILABLE_juce_events=1",
					"JUCE_MODULE_AVAILABLE_juce_graphics=1",
					"JUCE_MODULE_AVAILABLE_juce_gui_basics=1",
					"JUCE_MODULE_AVAILABLE_juce_gui_extra=1",
					"JUCE_GLOBAL_MODULE_SETTINGS_INCLUDED=1",
					"JUCE_VST3_CAN_REPLACE_VST2=0",
					"JUCE_STRICT_REFCOUNTEDPOINTER=1",
					"JucePlugin_Enable_IAA=0",
					"JucePlugin_Name=\\\"PitchTracker\\\"",
					"JucePlugin_Desc=\\\"PitchTracker\\\"",
					"JucePlugin_Manufacturer=\\\"orchi\\\"",
					"JucePlugin_ManufacturerWebsite=\\\"\\\"",
					"JucePlugin_ManufacturerEmail=\\\"\\\"",
					"JucePlugin_ManufacturerCode=0x4d616e75",
					"JucePlugin_PluginCode=0x56797775",
					"JucePlugin_IsSynth=0",
					"JucePlugin_WantsMidiInput=0",
					"JucePlugin_ProducesMidiOutput=0",
					"JucePlugin_IsMidiEffect=0",
					"JucePlugin_EditorRequiresKeyboardFocus=0",
					"JucePlugin_Version=1.0.0",
					"JucePlugin_VersionCode=0x10000",
					"JucePlugin_VersionString=\\\"1.0.0\\\"",
					"JucePlugin_VSTUniqueID=JucePlugin_PluginCode",
					"JucePlugin_VSTCategory=kPlugCategEffect",
					"JucePlugin_Vst3Category=\\\"Fx\\\"",
					"JucePlugin_AUMainType='aufx'",
					"JucePlugin_AUSubType=JucePlugin_PluginCode",
					"JucePlugin_AUExportPrefix=PitchTrackerAU",
					"JucePlugin_AUExportPrefixQuoted=\\\"PitchTrackerAU\\\"",
					"JucePlugin_AUManufacturerCode=JucePlugin_ManufacturerCode",
					"JucePlugin_CFBundleIdentifier=com.orchi.PitchTracker",
					"JucePlugin_RTASCategory=0",
					"JucePlugin_RTASManufacturerCode=JucePlugin_ManufacturerCode",
					"JucePlugin_RTASProductId=JucePlugin_PluginCode",
					"JucePlugin_RTASDisableBypass=0",
					"JucePlugin_RTASDisableMultiMono=0",
					"JucePlugin_AAXIdentifier=com.orchi.PitchTracker",
					"JucePlugin_AAXManufacturerCode=JucePlugin_ManufacturerCode",
					"JucePlugin_AAXProductId=JucePlugin_PluginCode",
					"JucePlugin_AAXCategory=0",
					"JucePlugin_AAXDisableBypass=0",
					"JucePlugin_AAXDisableMultiMono=0",
					"JucePlugin_IAAType=0x61757278",
					"JucePlugin_IAASubType=JucePlugin_PluginCode",
					"JucePlugin_IAAName=\\\"orchi:\\ PitchTracker\\\"",
					"JucePlugin_VSTNumMidiInputs=16",
					"JucePlugin_VSTNumMidiOutputs=16",
					"JUCE_STANDALONE_APPLICATION=JucePlugin_Build_Standalone",
				);
				GCC_VERSION = com.apple.compilers.llvm.clang.1_0;
				HEADER_SEARCH_PATHS = (
					../../JuceLibraryCode,
					/Users/orchisamadas/JUCE/modules,
					/usr/local/include/eigen3,
					/Users/orchisamadas/JUCE/modules/juce_audio_plugin_client,
					"$(inherited)",
				);
				INSTALL_PATH = "@executable_path/../Frameworks";
				LLVM_LTO = YES;
				MACOSX_DEPLOYMENT_TARGET = 10.11;
				MTL_HEADER_SEARCH_PATHS = "../../JuceLibraryCode /Users/orchisamadas/JUCE/modules /usr/local/include/eigen3 /Users/orchisamadas/JUCE/modules/juce_audio_plugin_client";
				PRODUCT_BUNDLE_IDENTIFIER = com.orchi.PitchTracker;
				PRODUCT_NAME = PitchTracker;
				SKIP_INSTALL = YES;
				USE_HEADERMAP = NO;
				VALID_ARCHS = "i386 x86_64 arm64 arm64e";
			};
			name = Release;
		};
		60D3A60DC511600FC7E30AAC /* Debug */ = {
			isa = XCBuildConfiguration;
			buildSettings = {
				MACOSX_DEPLOYMENT_TARGET = 10.11;
				SDKROOT = macosx;
			};
			name = Debug;
		};
		67BB1B643E6114AE847903AF /* Debug */ = {
			isa = XCBuildConfiguration;
			buildSettings = {
				ALWAYS_SEARCH_USER_PATHS = NO;
				CLANG_ENABLE_OBJC_WEAK = YES;
				CLANG_WARN_BLOCK_CAPTURE_AUTORELEASING = YES;
				CLANG_WARN_BOOL_CONVERSION = YES;
				CLANG_WARN_COMMA = YES;
				CLANG_WARN_CONSTANT_CONVERSION = YES;
				CLANG_WARN_DEPRECATED_OBJC_IMPLEMENTATIONS = YES;
				CLANG_WARN_EMPTY_BODY = YES;
				CLANG_WARN_ENUM_CONVERSION = YES;
				CLANG_WARN_INFINITE_RECURSION = YES;
				CLANG_WARN_INT_CONVERSION = YES;
				CLANG_WARN_NON_LITERAL_NULL_CONVERSION = YES;
				CLANG_WARN_OBJC_IMPLICIT_RETAIN_SELF = YES;
				CLANG_WARN_OBJC_LITERAL_CONVERSION = YES;
				CLANG_WARN_RANGE_LOOP_ANALYSIS = YES;
				CLANG_WARN_STRICT_PROTOTYPES = YES;
				CLANG_WARN_SUSPICIOUS_MOVE = YES;
				CLANG_WARN_UNREACHABLE_CODE = YES;
				CLANG_WARN__DUPLICATE_METHOD_MATCH = YES;
				CODE_SIGN_IDENTITY = "";
				DEBUG_INFORMATION_FORMAT = dwarf;
				ENABLE_STRICT_OBJC_MSGSEND = YES;
				ENABLE_TESTABILITY = NO;
				GCC_C_LANGUAGE_STANDARD = c11;
				GCC_INLINES_ARE_PRIVATE_EXTERN = YES;
				GCC_MODEL_TUNING = G5;
				GCC_NO_COMMON_BLOCKS = YES;
				GCC_SYMBOLS_PRIVATE_EXTERN = YES;
				GCC_WARN_64_TO_32_BIT_CONVERSION = YES;
				GCC_WARN_ABOUT_RETURN_TYPE = YES;
				GCC_WARN_CHECK_SWITCH_STATEMENTS = YES;
				GCC_WARN_MISSING_PARENTHESES = YES;
				GCC_WARN_NON_VIRTUAL_DESTRUCTOR = YES;
				GCC_WARN_TYPECHECK_CALLS_TO_PRINTF = YES;
				GCC_WARN_UNDECLARED_SELECTOR = YES;
				GCC_WARN_UNINITIALIZED_AUTOS = YES;
				GCC_WARN_UNUSED_FUNCTION = YES;
				GCC_WARN_UNUSED_VARIABLE = YES;
				ONLY_ACTIVE_ARCH = YES;
				PRODUCT_NAME = PitchTracker;
				SDKROOT = macosx;
				WARNING_CFLAGS = "-Wreorder";
				ZERO_LINK = NO;
			};
			name = Debug;
		};
		74956C7F423873C322D86EA5 /* Release */ = {
			isa = XCBuildConfiguration;
			buildSettings = {
				CLANG_CXX_LANGUAGE_STANDARD = "c++14";
				CLANG_CXX_LIBRARY = "libc++";
				CLANG_LINK_OBJC_RUNTIME = NO;
				CODE_SIGN_IDENTITY = "";
				COMBINE_HIDPI_IMAGES = YES;
				CONFIGURATION_BUILD_DIR = "$(PROJECT_DIR)/build/$(CONFIGURATION)";
				DEAD_CODE_STRIPPING = YES;
				DEPLOYMENT_LOCATION = YES;
				DSTROOT = /;
				GCC_GENERATE_DEBUGGING_SYMBOLS = NO;
				GCC_OPTIMIZATION_LEVEL = 3;
				GCC_PREPROCESSOR_DEFINITIONS = (
					"_NDEBUG=1",
					"NDEBUG=1",
					"JUCER_XCODE_MAC_F6D2F4CF=1",
					"JUCE_APP_VERSION=1.0.0",
					"JUCE_APP_VERSION_HEX=0x10000",
					"JucePlugin_Build_VST=0",
					"JucePlugin_Build_VST3=0",
					"JucePlugin_Build_AU=1",
					"JucePlugin_Build_AUv3=0",
					"JucePlugin_Build_RTAS=0",
					"JucePlugin_Build_AAX=0",
					"JucePlugin_Build_Standalone=0",
					"JucePlugin_Build_Unity=0",
					"JUCE_DISPLAY_SPLASH_SCREEN=1",
					"JUCE_USE_DARK_SPLASH_SCREEN=1",
					"JUCE_PROJUCER_VERSION=0x60004",
					"JUCE_MODULE_AVAILABLE_juce_audio_basics=1",
					"JUCE_MODULE_AVAILABLE_juce_audio_devices=1",
					"JUCE_MODULE_AVAILABLE_juce_audio_formats=1",
					"JUCE_MODULE_AVAILABLE_juce_audio_plugin_client=1",
					"JUCE_MODULE_AVAILABLE_juce_audio_processors=1",
					"JUCE_MODULE_AVAILABLE_juce_audio_utils=1",
					"JUCE_MODULE_AVAILABLE_juce_core=1",
					"JUCE_MODULE_AVAILABLE_juce_data_structures=1",
					"JUCE_MODULE_AVAILABLE_juce_dsp=1",
					"JUCE_MODULE_AVAILABLE_juce_events=1",
					"JUCE_MODULE_AVAILABLE_juce_graphics=1",
					"JUCE_MODULE_AVAILABLE_juce_gui_basics=1",
					"JUCE_MODULE_AVAILABLE_juce_gui_extra=1",
					"JUCE_GLOBAL_MODULE_SETTINGS_INCLUDED=1",
					"JUCE_VST3_CAN_REPLACE_VST2=0",
					"JUCE_STRICT_REFCOUNTEDPOINTER=1",
					"JucePlugin_Enable_IAA=0",
					"JucePlugin_Name=\\\"PitchTracker\\\"",
					"JucePlugin_Desc=\\\"PitchTracker\\\"",
					"JucePlugin_Manufacturer=\\\"orchi\\\"",
					"JucePlugin_ManufacturerWebsite=\\\"\\\"",
					"JucePlugin_ManufacturerEmail=\\\"\\\"",
					"JucePlugin_ManufacturerCode=0x4d616e75",
					"JucePlugin_PluginCode=0x56797775",
					"JucePlugin_IsSynth=0",
					"JucePlugin_WantsMidiInput=0",
					"JucePlugin_ProducesMidiOutput=0",
					"JucePlugin_IsMidiEffect=0",
					"JucePlugin_EditorRequiresKeyboardFocus=0",
					"JucePlugin_Version=1.0.0",
					"JucePlugin_VersionCode=0x10000",
					"JucePlugin_VersionString=\\\"1.0.0\\\"",
					"JucePlugin_VSTUniqueID=JucePlugin_PluginCode",
					"JucePlugin_VSTCategory=kPlugCategEffect",
					"JucePlugin_Vst3Category=\\\"Fx\\\"",
					"JucePlugin_AUMainType='aufx'",
					"JucePlugin_AUSubType=JucePlugin_PluginCode",
					"JucePlugin_AUExportPrefix=PitchTrackerAU",
					"JucePlugin_AUExportPrefixQuoted=\\\"PitchTrackerAU\\\"",
					"JucePlugin_AUManufacturerCode=JucePlugin_ManufacturerCode",
					"JucePlugin_CFBundleIdentifier=com.orchi.PitchTracker",
					"JucePlugin_RTASCategory=0",
					"JucePlugin_RTASManufacturerCode=JucePlugin_ManufacturerCode",
					"JucePlugin_RTASProductId=JucePlugin_PluginCode",
					"JucePlugin_RTASDisableBypass=0",
					"JucePlugin_RTASDisableMultiMono=0",
					"JucePlugin_AAXIdentifier=com.orchi.PitchTracker",
					"JucePlugin_AAXManufacturerCode=JucePlugin_ManufacturerCode",
					"JucePlugin_AAXProductId=JucePlugin_PluginCode",
					"JucePlugin_AAXCategory=0",
					"JucePlugin_AAXDisableBypass=0",
					"JucePlugin_AAXDisableMultiMono=0",
					"JucePlugin_IAAType=0x61757278",
					"JucePlugin_IAASubType=JucePlugin_PluginCode",
					"JucePlugin_IAAName=\\\"orchi:\\ PitchTracker\\\"",
					"JucePlugin_VSTNumMidiInputs=16",
					"JucePlugin_VSTNumMidiOutputs=16",
					"JUCE_STANDALONE_APPLICATION=JucePlugin_Build_Standalone",
				);
				GCC_VERSION = com.apple.compilers.llvm.clang.1_0;
				GENERATE_PKGINFO_FILE = YES;
				HEADER_SEARCH_PATHS = (
					../../JuceLibraryCode,
					/Users/orchisamadas/JUCE/modules,
					/usr/local/include/eigen3,
					/Users/orchisamadas/JUCE/modules/juce_audio_plugin_client,
					"$(inherited)",
				);
				INFOPLIST_FILE = "Info-AU.plist";
				INFOPLIST_PREPROCESS = NO;
				INSTALL_PATH = "$(HOME)/Library/Audio/Plug-Ins/Components/";
				LIBRARY_STYLE = Bundle;
				LLVM_LTO = YES;
				MACOSX_DEPLOYMENT_TARGET = 10.11;
				MTL_HEADER_SEARCH_PATHS = "../../JuceLibraryCode /Users/orchisamadas/JUCE/modules /usr/local/include/eigen3 /Users/orchisamadas/JUCE/modules/juce_audio_plugin_client";
				OTHER_LDFLAGS = (
					"-bundle",
					"-lPitchTracker",
				);
				OTHER_REZFLAGS = "-d ppc_$ppc -d i386_$i386 -d ppc64_$ppc64 -d x86_64_$x86_64 -I /System/Library/Frameworks/CoreServices.framework/Frameworks/CarbonCore.framework/Versions/A/Headers -I \"$(DEVELOPER_DIR)/Extras/CoreAudio/AudioUnits/AUPublic/AUBase\" -I \"$(DEVELOPER_DIR)/Platforms/MacOSX.platform/Developer/SDKs/MacOSX.sdk/System/Library/Frameworks/AudioUnit.framework/Headers\"";
				PRODUCT_BUNDLE_IDENTIFIER = com.orchi.PitchTracker;
				PRODUCT_NAME = PitchTracker;
				USE_HEADERMAP = NO;
				VALID_ARCHS = "i386 x86_64 arm64 arm64e";
				WRAPPER_EXTENSION = component;
			};
			name = Release;
		};
		A92473ABF4FC2471F07D672B /* Release */ = {
			isa = XCBuildConfiguration;
			buildSettings = {
				ALWAYS_SEARCH_USER_PATHS = NO;
				CLANG_ENABLE_OBJC_WEAK = YES;
				CLANG_WARN_BLOCK_CAPTURE_AUTORELEASING = YES;
				CLANG_WARN_BOOL_CONVERSION = YES;
				CLANG_WARN_COMMA = YES;
				CLANG_WARN_CONSTANT_CONVERSION = YES;
				CLANG_WARN_DEPRECATED_OBJC_IMPLEMENTATIONS = YES;
				CLANG_WARN_EMPTY_BODY = YES;
				CLANG_WARN_ENUM_CONVERSION = YES;
				CLANG_WARN_INFINITE_RECURSION = YES;
				CLANG_WARN_INT_CONVERSION = YES;
				CLANG_WARN_NON_LITERAL_NULL_CONVERSION = YES;
				CLANG_WARN_OBJC_IMPLICIT_RETAIN_SELF = YES;
				CLANG_WARN_OBJC_LITERAL_CONVERSION = YES;
				CLANG_WARN_RANGE_LOOP_ANALYSIS = YES;
				CLANG_WARN_STRICT_PROTOTYPES = YES;
				CLANG_WARN_SUSPICIOUS_MOVE = YES;
				CLANG_WARN_UNREACHABLE_CODE = YES;
				CLANG_WARN__DUPLICATE_METHOD_MATCH = YES;
				CODE_SIGN_IDENTITY = "";
				DEBUG_INFORMATION_FORMAT = dwarf;
				ENABLE_STRICT_OBJC_MSGSEND = YES;
				ENABLE_TESTABILITY = NO;
				GCC_C_LANGUAGE_STANDARD = c11;
				GCC_INLINES_ARE_PRIVATE_EXTERN = YES;
				GCC_MODEL_TUNING = G5;
				GCC_NO_COMMON_BLOCKS = YES;
				GCC_SYMBOLS_PRIVATE_EXTERN = YES;
				GCC_WARN_64_TO_32_BIT_CONVERSION = YES;
				GCC_WARN_ABOUT_RETURN_TYPE = YES;
				GCC_WARN_CHECK_SWITCH_STATEMENTS = YES;
				GCC_WARN_MISSING_PARENTHESES = YES;
				GCC_WARN_NON_VIRTUAL_DESTRUCTOR = YES;
				GCC_WARN_TYPECHECK_CALLS_TO_PRINTF = YES;
				GCC_WARN_UNDECLARED_SELECTOR = YES;
				GCC_WARN_UNINITIALIZED_AUTOS = YES;
				GCC_WARN_UNUSED_FUNCTION = YES;
				GCC_WARN_UNUSED_VARIABLE = YES;
				PRODUCT_NAME = PitchTracker;
				SDKROOT = macosx;
				WARNING_CFLAGS = "-Wreorder";
				ZERO_LINK = NO;
			};
			name = Release;
		};
		BE5DF14C17D15B96356E01C0 /* Debug */ = {
			isa = XCBuildConfiguration;
			buildSettings = {
				CLANG_CXX_LANGUAGE_STANDARD = "c++14";
				CLANG_CXX_LIBRARY = "libc++";
				CLANG_LINK_OBJC_RUNTIME = NO;
				CODE_SIGN_IDENTITY = "";
				COMBINE_HIDPI_IMAGES = YES;
				CONFIGURATION_BUILD_DIR = "$(PROJECT_DIR)/build/$(CONFIGURATION)";
				COPY_PHASE_STRIP = NO;
				DEPLOYMENT_LOCATION = YES;
				DSTROOT = /;
				GCC_DYNAMIC_NO_PIC = NO;
				GCC_OPTIMIZATION_LEVEL = 0;
				GCC_PREPROCESSOR_DEFINITIONS = (
					"_DEBUG=1",
					"DEBUG=1",
					"JUCER_XCODE_MAC_F6D2F4CF=1",
					"JUCE_APP_VERSION=1.0.0",
					"JUCE_APP_VERSION_HEX=0x10000",
					"JucePlugin_Build_VST=0",
					"JucePlugin_Build_VST3=0",
					"JucePlugin_Build_AU=1",
					"JucePlugin_Build_AUv3=0",
					"JucePlugin_Build_RTAS=0",
					"JucePlugin_Build_AAX=0",
					"JucePlugin_Build_Standalone=0",
					"JucePlugin_Build_Unity=0",
					"JUCE_DISPLAY_SPLASH_SCREEN=1",
					"JUCE_USE_DARK_SPLASH_SCREEN=1",
					"JUCE_PROJUCER_VERSION=0x60004",
					"JUCE_MODULE_AVAILABLE_juce_audio_basics=1",
					"JUCE_MODULE_AVAILABLE_juce_audio_devices=1",
					"JUCE_MODULE_AVAILABLE_juce_audio_formats=1",
					"JUCE_MODULE_AVAILABLE_juce_audio_plugin_client=1",
					"JUCE_MODULE_AVAILABLE_juce_audio_processors=1",
					"JUCE_MODULE_AVAILABLE_juce_audio_utils=1",
					"JUCE_MODULE_AVAILABLE_juce_core=1",
					"JUCE_MODULE_AVAILABLE_juce_data_structures=1",
					"JUCE_MODULE_AVAILABLE_juce_dsp=1",
					"JUCE_MODULE_AVAILABLE_juce_events=1",
					"JUCE_MODULE_AVAILABLE_juce_graphics=1",
					"JUCE_MODULE_AVAILABLE_juce_gui_basics=1",
					"JUCE_MODULE_AVAILABLE_juce_gui_extra=1",
					"JUCE_GLOBAL_MODULE_SETTINGS_INCLUDED=1",
					"JUCE_VST3_CAN_REPLACE_VST2=0",
					"JUCE_STRICT_REFCOUNTEDPOINTER=1",
					"JucePlugin_Enable_IAA=0",
					"JucePlugin_Name=\\\"PitchTracker\\\"",
					"JucePlugin_Desc=\\\"PitchTracker\\\"",
					"JucePlugin_Manufacturer=\\\"orchi\\\"",
					"JucePlugin_ManufacturerWebsite=\\\"\\\"",
					"JucePlugin_ManufacturerEmail=\\\"\\\"",
					"JucePlugin_ManufacturerCode=0x4d616e75",
					"JucePlugin_PluginCode=0x56797775",
					"JucePlugin_IsSynth=0",
					"JucePlugin_WantsMidiInput=0",
					"JucePlugin_ProducesMidiOutput=0",
					"JucePlugin_IsMidiEffect=0",
					"JucePlugin_EditorRequiresKeyboardFocus=0",
					"JucePlugin_Version=1.0.0",
					"JucePlugin_VersionCode=0x10000",
					"JucePlugin_VersionString=\\\"1.0.0\\\"",
					"JucePlugin_VSTUniqueID=JucePlugin_PluginCode",
					"JucePlugin_VSTCategory=kPlugCategEffect",
					"JucePlugin_Vst3Category=\\\"Fx\\\"",
					"JucePlugin_AUMainType='aufx'",
					"JucePlugin_AUSubType=JucePlugin_PluginCode",
					"JucePlugin_AUExportPrefix=PitchTrackerAU",
					"JucePlugin_AUExportPrefixQuoted=\\\"PitchTrackerAU\\\"",
					"JucePlugin_AUManufacturerCode=JucePlugin_ManufacturerCode",
					"JucePlugin_CFBundleIdentifier=com.orchi.PitchTracker",
					"JucePlugin_RTASCategory=0",
					"JucePlugin_RTASManufacturerCode=JucePlugin_ManufacturerCode",
					"JucePlugin_RTASProductId=JucePlugin_PluginCode",
					"JucePlugin_RTASDisableBypass=0",
					"JucePlugin_RTASDisableMultiMono=0",
					"JucePlugin_AAXIdentifier=com.orchi.PitchTracker",
					"JucePlugin_AAXManufacturerCode=JucePlugin_ManufacturerCode",
					"JucePlugin_AAXProductId=JucePlugin_PluginCode",
					"JucePlugin_AAXCategory=0",
					"JucePlugin_AAXDisableBypass=0",
					"JucePlugin_AAXDisableMultiMono=0",
					"JucePlugin_IAAType=0x61757278",
					"JucePlugin_IAASubType=JucePlugin_PluginCode",
					"JucePlugin_IAAName=\\\"orchi:\\ PitchTracker\\\"",
					"JucePlugin_VSTNumMidiInputs=16",
					"JucePlugin_VSTNumMidiOutputs=16",
					"JUCE_STANDALONE_APPLICATION=JucePlugin_Build_Standalone",
				);
				GCC_VERSION = com.apple.compilers.llvm.clang.1_0;
				GENERATE_PKGINFO_FILE = YES;
				HEADER_SEARCH_PATHS = (
					../../JuceLibraryCode,
					/Users/orchisamadas/JUCE/modules,
					/usr/local/include/eigen3,
					/Users/orchisamadas/JUCE/modules/juce_audio_plugin_client,
					"$(inherited)",
				);
				INFOPLIST_FILE = "Info-AU.plist";
				INFOPLIST_PREPROCESS = NO;
				INSTALL_PATH = "$(HOME)/Library/Audio/Plug-Ins/Components/";
				LIBRARY_STYLE = Bundle;
				MACOSX_DEPLOYMENT_TARGET = 10.11;
				MTL_HEADER_SEARCH_PATHS = "../../JuceLibraryCode /Users/orchisamadas/JUCE/modules /usr/local/include/eigen3 /Users/orchisamadas/JUCE/modules/juce_audio_plugin_client";
				OTHER_LDFLAGS = (
					"-bundle",
					"-lPitchTracker",
				);
				OTHER_REZFLAGS = "-d ppc_$ppc -d i386_$i386 -d ppc64_$ppc64 -d x86_64_$x86_64 -I /System/Library/Frameworks/CoreServices.framework/Frameworks/CarbonCore.framework/Versions/A/Headers -I \"$(DEVELOPER_DIR)/Extras/CoreAudio/AudioUnits/AUPublic/AUBase\" -I \"$(DEVELOPER_DIR)/Platforms/MacOSX.platform/Developer/SDKs/MacOSX.sdk/System/Library/Frameworks/AudioUnit.framework/Headers\"";
				PRODUCT_BUNDLE_IDENTIFIER = com.orchi.PitchTracker;
				PRODUCT_NAME = PitchTracker;
				USE_HEADERMAP = NO;
				VALID_ARCHS = "i386 x86_64 arm64 arm64e";
				WRAPPER_EXTENSION = component;
			};
			name = Debug;
		};
		C657EF9D534C95CC4872CF51 /* Debug */ = {
			isa = XCBuildConfiguration;
			buildSettings = {
				CLANG_CXX_LANGUAGE_STANDARD = "c++14";
				CLANG_CXX_LIBRARY = "libc++";
				CLANG_LINK_OBJC_RUNTIME = NO;
				CODE_SIGN_IDENTITY = "";
				COMBINE_HIDPI_IMAGES = YES;
				CONFIGURATION_BUILD_DIR = "$(PROJECT_DIR)/build/$(CONFIGURATION)";
				COPY_PHASE_STRIP = NO;
				GCC_DYNAMIC_NO_PIC = NO;
				GCC_OPTIMIZATION_LEVEL = 0;
				GCC_PREPROCESSOR_DEFINITIONS = (
					"_DEBUG=1",
					"DEBUG=1",
					"JUCER_XCODE_MAC_F6D2F4CF=1",
					"JUCE_APP_VERSION=1.0.0",
					"JUCE_APP_VERSION_HEX=0x10000",
					"JucePlugin_Build_VST=0",
					"JucePlugin_Build_VST3=0",
					"JucePlugin_Build_AU=1",
					"JucePlugin_Build_AUv3=0",
					"JucePlugin_Build_RTAS=0",
					"JucePlugin_Build_AAX=0",
					"JucePlugin_Build_Standalone=0",
					"JucePlugin_Build_Unity=0",
					"JUCE_SHARED_CODE=1",
					"JUCE_DISPLAY_SPLASH_SCREEN=1",
					"JUCE_USE_DARK_SPLASH_SCREEN=1",
					"JUCE_PROJUCER_VERSION=0x60004",
					"JUCE_MODULE_AVAILABLE_juce_audio_basics=1",
					"JUCE_MODULE_AVAILABLE_juce_audio_devices=1",
					"JUCE_MODULE_AVAILABLE_juce_audio_formats=1",
					"JUCE_MODULE_AVAILABLE_juce_audio_plugin_client=1",
					"JUCE_MODULE_AVAILABLE_juce_audio_processors=1",
					"JUCE_MODULE_AVAILABLE_juce_audio_utils=1",
					"JUCE_MODULE_AVAILABLE_juce_core=1",
					"JUCE_MODULE_AVAILABLE_juce_data_structures=1",
					"JUCE_MODULE_AVAILABLE_juce_dsp=1",
					"JUCE_MODULE_AVAILABLE_juce_events=1",
					"JUCE_MODULE_AVAILABLE_juce_graphics=1",
					"JUCE_MODULE_AVAILABLE_juce_gui_basics=1",
					"JUCE_MODULE_AVAILABLE_juce_gui_extra=1",
					"JUCE_GLOBAL_MODULE_SETTINGS_INCLUDED=1",
					"JUCE_VST3_CAN_REPLACE_VST2=0",
					"JUCE_STRICT_REFCOUNTEDPOINTER=1",
					"JucePlugin_Enable_IAA=0",
					"JucePlugin_Name=\\\"PitchTracker\\\"",
					"JucePlugin_Desc=\\\"PitchTracker\\\"",
					"JucePlugin_Manufacturer=\\\"orchi\\\"",
					"JucePlugin_ManufacturerWebsite=\\\"\\\"",
					"JucePlugin_ManufacturerEmail=\\\"\\\"",
					"JucePlugin_ManufacturerCode=0x4d616e75",
					"JucePlugin_PluginCode=0x56797775",
					"JucePlugin_IsSynth=0",
					"JucePlugin_WantsMidiInput=0",
					"JucePlugin_ProducesMidiOutput=0",
					"JucePlugin_IsMidiEffect=0",
					"JucePlugin_EditorRequiresKeyboardFocus=0",
					"JucePlugin_Version=1.0.0",
					"JucePlugin_VersionCode=0x10000",
					"JucePlugin_VersionString=\\\"1.0.0\\\"",
					"JucePlugin_VSTUniqueID=JucePlugin_PluginCode",
					"JucePlugin_VSTCategory=kPlugCategEffect",
					"JucePlugin_Vst3Category=\\\"Fx\\\"",
					"JucePlugin_AUMainType='aufx'",
					"JucePlugin_AUSubType=JucePlugin_PluginCode",
					"JucePlugin_AUExportPrefix=PitchTrackerAU",
					"JucePlugin_AUExportPrefixQuoted=\\\"PitchTrackerAU\\\"",
					"JucePlugin_AUManufacturerCode=JucePlugin_ManufacturerCode",
					"JucePlugin_CFBundleIdentifier=com.orchi.PitchTracker",
					"JucePlugin_RTASCategory=0",
					"JucePlugin_RTASManufacturerCode=JucePlugin_ManufacturerCode",
					"JucePlugin_RTASProductId=JucePlugin_PluginCode",
					"JucePlugin_RTASDisableBypass=0",
					"JucePlugin_RTASDisableMultiMono=0",
					"JucePlugin_AAXIdentifier=com.orchi.PitchTracker",
					"JucePlugin_AAXManufacturerCode=JucePlugin_ManufacturerCode",
					"JucePlugin_AAXProductId=JucePlugin_PluginCode",
					"JucePlugin_AAXCategory=0",
					"JucePlugin_AAXDisableBypass=0",
					"JucePlugin_AAXDisableMultiMono=0",
					"JucePlugin_IAAType=0x61757278",
					"JucePlugin_IAASubType=JucePlugin_PluginCode",
					"JucePlugin_IAAName=\\\"orchi:\\ PitchTracker\\\"",
					"JucePlugin_VSTNumMidiInputs=16",
					"JucePlugin_VSTNumMidiOutputs=16",
					"JUCE_STANDALONE_APPLICATION=JucePlugin_Build_Standalone",
				);
				GCC_VERSION = com.apple.compilers.llvm.clang.1_0;
				HEADER_SEARCH_PATHS = (
					../../JuceLibraryCode,
					/Users/orchisamadas/JUCE/modules,
					/usr/local/include/eigen3,
					/Users/orchisamadas/JUCE/modules/juce_audio_plugin_client,
					"$(inherited)",
				);
				INSTALL_PATH = "@executable_path/../Frameworks";
				MACOSX_DEPLOYMENT_TARGET = 10.11;
				MTL_HEADER_SEARCH_PATHS = "../../JuceLibraryCode /Users/orchisamadas/JUCE/modules /usr/local/include/eigen3 /Users/orchisamadas/JUCE/modules/juce_audio_plugin_client";
				PRODUCT_BUNDLE_IDENTIFIER = com.orchi.PitchTracker;
				PRODUCT_NAME = PitchTracker;
				SKIP_INSTALL = YES;
				USE_HEADERMAP = NO;
				VALID_ARCHS = "i386 x86_64 arm64 arm64e";
			};
			name = Debug;
		};
		FBF23C0913481A6DE060A42A /* Release */ = {
			isa = XCBuildConfiguration;
			buildSettings = {
				MACOSX_DEPLOYMENT_TARGET = 10.11;
				SDKROOT = macosx;
			};
			name = Release;
		};
/* End XCBuildConfiguration section */

/* Begin XCConfigurationList section */
		830073A2C18057F48FB1445B /* Build configuration list for PBXNativeTarget "PitchTracker - AU" */ = {
			isa = XCConfigurationList;
			buildConfigurations = (
				BE5DF14C17D15B96356E01C0 /* Debug */,
				74956C7F423873C322D86EA5 /* Release */,
			);
			defaultConfigurationIsVisible = 0;
			defaultConfigurationName = Debug;
		};
		84EA565C2238F3C243A2379E /* Build configuration list for PBXNativeTarget "PitchTracker - Shared Code" */ = {
			isa = XCConfigurationList;
			buildConfigurations = (
				C657EF9D534C95CC4872CF51 /* Debug */,
				4EA70F0B4C7F9CF72BB1B568 /* Release */,
			);
			defaultConfigurationIsVisible = 0;
			defaultConfigurationName = Debug;
		};
		A9D60156FFE460F75A93C791 /* Build configuration list for PBXAggregateTarget "PitchTracker - All" */ = {
			isa = XCConfigurationList;
			buildConfigurations = (
				60D3A60DC511600FC7E30AAC /* Debug */,
				FBF23C0913481A6DE060A42A /* Release */,
			);
			defaultConfigurationIsVisible = 0;
			defaultConfigurationName = Debug;
		};
		E794F1212126AA1F2F3CAD8E /* Build configuration list for PBXProject "PitchTracker" */ = {
			isa = XCConfigurationList;
			buildConfigurations = (
				67BB1B643E6114AE847903AF /* Debug */,
				A92473ABF4FC2471F07D672B /* Release */,
			);
			defaultConfigurationIsVisible = 0;
			defaultConfigurationName = Debug;
		};
/* End XCConfigurationList section */
	};
	rootObject = 05C3612F1BF61C530AFE9965 /* Project object */;
}
