// !$*UTF8*$!
{
	archiveVersion = 1;
	classes = {
	};
	objectVersion = 46;
	objects = {
		174129BCCF046AA36E50E054 = {
			isa = PBXBuildFile;
			fileRef = 849D5E13355DA04EEA711C2D;
		};
		07388DBFCD01D8BE85A853B3 = {
			isa = PBXBuildFile;
			fileRef = FD8CE766F3D7EDB9CDF86923;
		};
		786A78DF1CC7317BD9714AC7 = {
			isa = PBXBuildFile;
			fileRef = 0E2D75D4FF426F4956DB939C;
		};
		EE887A456026951E6AFB1AEF = {
			isa = PBXBuildFile;
			fileRef = B98C512F9B1EC5F7967760EC;
		};
		CB48D60960F360DBFC45E6B4 = {
			isa = PBXBuildFile;
			fileRef = 752F7C39F153083D08100F28;
		};
		A94013767A915134E03E81CF = {
			isa = PBXBuildFile;
			fileRef = B8A466205F180AFF013A187E;
		};
		97F6880C7FA1021FAABB5C3D = {
			isa = PBXBuildFile;
			fileRef = CD654AB6BD633CFF0465E1FB;
		};
		C21DEE1AF8CDE1885704A713 = {
			isa = PBXBuildFile;
			fileRef = 812AF8CB032799640FEB6062;
		};
		39ED2918610E83A66ADF7B29 = {
			isa = PBXBuildFile;
			fileRef = 9F0077AC92D46206DB2D2FE1;
		};
		F58594A9E90975F5E9545EFF = {
			isa = PBXBuildFile;
			fileRef = 062C20EBFD83CB6BDA400D16;
		};
		F1C225C32791CBFAEB633A79 = {
			isa = PBXBuildFile;
			fileRef = 93AF818FDE365A5F2C6B0BEC;
		};
		A90C2EA9D3C1A6016277999E = {
			isa = PBXBuildFile;
			fileRef = 597376952B3F656D2F7F0681;
		};
		BE0CEB3FA3995AA665D2E305 = {
			isa = PBXBuildFile;
			fileRef = 8C0712C9EE0C29F79EEF5A4B;
		};
		FBC6A515048FF253A2852897 = {
			isa = PBXBuildFile;
			fileRef = BFE3E15FA6D575FD2FEBDC2C;
		};
		366F548C9A6881537604B7F7 = {
			isa = PBXBuildFile;
			fileRef = F62BC26B54079E7718BC0DDC;
		};
		D9AB656A5FADBBCC9A41642C = {
			isa = PBXBuildFile;
			fileRef = CC916AC91DACFFE7A717A414;
		};
		36B130E615A6736589392A0C = {
			isa = PBXBuildFile;
			fileRef = 3283FBFEB5C220C467FACF79;
		};
		A3A2C7B3288459CFB1B67F50 = {
			isa = PBXBuildFile;
			fileRef = 66B9CAF279484F835FA3391A;
		};
		71CB326BE4855DD50FC22658 = {
			isa = PBXBuildFile;
			fileRef = 2F1504E9913FA4D659753736;
		};
		CF689B8E812FB79E7A250456 = {
			isa = PBXBuildFile;
			fileRef = 88D2BAD5FDBB4C69D706E88F;
		};
		7DAA34B57F3D117F2BA660F7 = {
			isa = PBXBuildFile;
			fileRef = 77B8BEAB4D0F135AFCBA5BB6;
		};
		7BDD1FA7B305257C8BA36079 = {
			isa = PBXBuildFile;
			fileRef = 8AF8C06A69A91EB03E621998;
		};
		D428D732590F5147B862C8BD = {
			isa = PBXBuildFile;
			fileRef = C4F4D126772EBF23FE3AFCF5;
		};
		B3601E0D407F12E0611CA8BD = {
			isa = PBXBuildFile;
			fileRef = C490699C5B02BFC11A2A7403;
		};
		D8DFE324A32469CCA76474D5 = {
			isa = PBXBuildFile;
			fileRef = A5EE67EB52D41C27A254CF64;
		};
		1B55E58ED994252488B29246 = {
			isa = PBXBuildFile;
			fileRef = 93521E2B2AB264B25D4ABFFE;
		};
		53865DA5E9C73D46A3479178 = {
			isa = PBXBuildFile;
			fileRef = 3E85CC04F9EA6F89CCA0E911;
		};
		D5057A80C0C7B3010409BA34 = {
			isa = PBXBuildFile;
			fileRef = 9213D21AA0350E0475B7E364;
		};
		062C20EBFD83CB6BDA400D16 = {
			isa = PBXFileReference;
			lastKnownFileType = wrapper.framework;
			name = IOKit.framework;
			path = System/Library/Frameworks/IOKit.framework;
			sourceTree = SDKROOT;
		};
		0B166CDECFCB8452843BE9E7 = {
			isa = PBXFileReference;
			lastKnownFileType = file;
			name = "juce_audio_basics";
			path = "/Users/orchisamadas/JUCE/modules/juce_audio_basics";
			sourceTree = "<absolute>";
		};
		0E2D75D4FF426F4956DB939C = {
			isa = PBXFileReference;
			lastKnownFileType = wrapper.framework;
			name = AudioToolbox.framework;
			path = System/Library/Frameworks/AudioToolbox.framework;
			sourceTree = SDKROOT;
		};
		15635CDC4CDF0A85B50F8C6C = {
			isa = PBXFileReference;
			lastKnownFileType = file;
			name = "juce_dsp";
			path = "/Users/orchisamadas/JUCE/modules/juce_dsp";
			sourceTree = "<absolute>";
		};
		15CE05B246FB3C209015C07E = {
			isa = PBXFileReference;
			lastKnownFileType = file;
			name = "juce_audio_utils";
			path = "/Users/orchisamadas/JUCE/modules/juce_audio_utils";
			sourceTree = "<absolute>";
		};
		191CFB6757DF030FAFC599C4 = {
			isa = PBXFileReference;
			lastKnownFileType = file;
			name = "juce_audio_devices";
			path = "/Users/orchisamadas/JUCE/modules/juce_audio_devices";
			sourceTree = "<absolute>";
		};
		2F1504E9913FA4D659753736 = {
			isa = PBXFileReference;
			lastKnownFileType = sourcecode.cpp.objcpp;
			name = "include_juce_audio_formats.mm";
			path = "../../JuceLibraryCode/include_juce_audio_formats.mm";
			sourceTree = "SOURCE_ROOT";
		};
		3283FBFEB5C220C467FACF79 = {
			isa = PBXFileReference;
			lastKnownFileType = sourcecode.cpp.objcpp;
			name = "include_juce_audio_basics.mm";
			path = "../../JuceLibraryCode/include_juce_audio_basics.mm";
			sourceTree = "SOURCE_ROOT";
		};
		35BE95AA33B603B97C114340 = {
			isa = PBXFileReference;
			lastKnownFileType = file;
			name = "juce_core";
			path = "/Users/orchisamadas/JUCE/modules/juce_core";
			sourceTree = "<absolute>";
		};
		3E85CC04F9EA6F89CCA0E911 = {
			isa = PBXFileReference;
			lastKnownFileType = sourcecode.cpp.objcpp;
			name = "include_juce_gui_basics.mm";
			path = "../../JuceLibraryCode/include_juce_gui_basics.mm";
			sourceTree = "SOURCE_ROOT";
		};
		44C7851F1F21396C06D1B9DA = {
			isa = PBXFileReference;
			lastKnownFileType = file;
			name = "juce_gui_extra";
			path = "/Users/orchisamadas/JUCE/modules/juce_gui_extra";
			sourceTree = "<absolute>";
		};
		46A65FE7870CDD38A8BD8038 = {
			isa = PBXFileReference;
			lastKnownFileType = sourcecode.c.h;
			name = JuceHeader.h;
			path = ../../JuceLibraryCode/JuceHeader.h;
			sourceTree = "SOURCE_ROOT";
		};
		52139E082DE454916BCBBBD1 = {
			isa = PBXFileReference;
			lastKnownFileType = sourcecode.c.h;
			name = EKFPitch.h;
			path = ../../Source/EKFPitch.h;
			sourceTree = "SOURCE_ROOT";
		};
		597376952B3F656D2F7F0681 = {
			isa = PBXFileReference;
			lastKnownFileType = wrapper.framework;
			name = WebKit.framework;
			path = System/Library/Frameworks/WebKit.framework;
			sourceTree = SDKROOT;
		};
		66B9CAF279484F835FA3391A = {
			isa = PBXFileReference;
			lastKnownFileType = sourcecode.cpp.objcpp;
			name = "include_juce_audio_devices.mm";
			path = "../../JuceLibraryCode/include_juce_audio_devices.mm";
			sourceTree = "SOURCE_ROOT";
		};
		715AD83B67F76A2B74CEC716 = {
			isa = PBXFileReference;
			lastKnownFileType = file;
			name = "juce_data_structures";
			path = "/Users/orchisamadas/JUCE/modules/juce_data_structures";
			sourceTree = "<absolute>";
		};
		752F7C39F153083D08100F28 = {
			isa = PBXFileReference;
			lastKnownFileType = wrapper.framework;
			name = Cocoa.framework;
			path = System/Library/Frameworks/Cocoa.framework;
			sourceTree = SDKROOT;
		};
		77B8BEAB4D0F135AFCBA5BB6 = {
			isa = PBXFileReference;
			lastKnownFileType = sourcecode.cpp.objcpp;
			name = "include_juce_audio_utils.mm";
			path = "../../JuceLibraryCode/include_juce_audio_utils.mm";
			sourceTree = "SOURCE_ROOT";
		};
		812AF8CB032799640FEB6062 = {
			isa = PBXFileReference;
			lastKnownFileType = wrapper.framework;
			name = CoreMIDI.framework;
			path = System/Library/Frameworks/CoreMIDI.framework;
			sourceTree = SDKROOT;
		};
		849D5E13355DA04EEA711C2D = {
			isa = PBXFileReference;
			explicitFileType = wrapper.application;
			includeInIndex = 0;
			path = "PitchTracker_Standalone.app";
			sourceTree = "BUILT_PRODUCTS_DIR";
		};
		88D2BAD5FDBB4C69D706E88F = {
			isa = PBXFileReference;
			lastKnownFileType = sourcecode.cpp.objcpp;
			name = "include_juce_audio_processors.mm";
			path = "../../JuceLibraryCode/include_juce_audio_processors.mm";
			sourceTree = "SOURCE_ROOT";
		};
		8AF8C06A69A91EB03E621998 = {
			isa = PBXFileReference;
			lastKnownFileType = sourcecode.cpp.objcpp;
			name = "include_juce_core.mm";
			path = "../../JuceLibraryCode/include_juce_core.mm";
			sourceTree = "SOURCE_ROOT";
		};
		8C0712C9EE0C29F79EEF5A4B = {
			isa = PBXFileReference;
			lastKnownFileType = file.nib;
			name = RecentFilesMenuTemplate.nib;
			path = RecentFilesMenuTemplate.nib;
			sourceTree = "SOURCE_ROOT";
		};
		9213D21AA0350E0475B7E364 = {
			isa = PBXFileReference;
			lastKnownFileType = sourcecode.cpp.objcpp;
			name = "include_juce_gui_extra.mm";
			path = "../../JuceLibraryCode/include_juce_gui_extra.mm";
			sourceTree = "SOURCE_ROOT";
		};
		93521E2B2AB264B25D4ABFFE = {
			isa = PBXFileReference;
			lastKnownFileType = sourcecode.cpp.objcpp;
			name = "include_juce_graphics.mm";
			path = "../../JuceLibraryCode/include_juce_graphics.mm";
			sourceTree = "SOURCE_ROOT";
		};
		93AF818FDE365A5F2C6B0BEC = {
			isa = PBXFileReference;
			lastKnownFileType = wrapper.framework;
			name = QuartzCore.framework;
			path = System/Library/Frameworks/QuartzCore.framework;
			sourceTree = SDKROOT;
		};
		9C900F76005824528A23EABD = {
			isa = PBXFileReference;
			lastKnownFileType = file;
			name = "juce_gui_basics";
			path = "/Users/orchisamadas/JUCE/modules/juce_gui_basics";
			sourceTree = "<absolute>";
		};
		9CA4BE89B1D52B06B597BE15 = {
			isa = PBXFileReference;
			lastKnownFileType = file;
			name = "juce_events";
			path = "/Users/orchisamadas/JUCE/modules/juce_events";
			sourceTree = "<absolute>";
		};
		9F0077AC92D46206DB2D2FE1 = {
			isa = PBXFileReference;
			lastKnownFileType = wrapper.framework;
			name = DiscRecording.framework;
			path = System/Library/Frameworks/DiscRecording.framework;
			sourceTree = SDKROOT;
		};
		A5EE67EB52D41C27A254CF64 = {
			isa = PBXFileReference;
			lastKnownFileType = sourcecode.cpp.objcpp;
			name = "include_juce_events.mm";
			path = "../../JuceLibraryCode/include_juce_events.mm";
			sourceTree = "SOURCE_ROOT";
		};
		B8A466205F180AFF013A187E = {
			isa = PBXFileReference;
			lastKnownFileType = wrapper.framework;
			name = CoreAudio.framework;
			path = System/Library/Frameworks/CoreAudio.framework;
			sourceTree = SDKROOT;
		};
		B98C512F9B1EC5F7967760EC = {
			isa = PBXFileReference;
			lastKnownFileType = wrapper.framework;
			name = Carbon.framework;
			path = System/Library/Frameworks/Carbon.framework;
			sourceTree = SDKROOT;
		};
		BFE3E15FA6D575FD2FEBDC2C = {
			isa = PBXFileReference;
			lastKnownFileType = sourcecode.cpp.cpp;
			name = EKFPitch.cpp;
			path = ../../Source/EKFPitch.cpp;
			sourceTree = "SOURCE_ROOT";
		};
		C490699C5B02BFC11A2A7403 = {
			isa = PBXFileReference;
			lastKnownFileType = sourcecode.cpp.objcpp;
			name = "include_juce_dsp.mm";
			path = "../../JuceLibraryCode/include_juce_dsp.mm";
			sourceTree = "SOURCE_ROOT";
		};
		C4F4D126772EBF23FE3AFCF5 = {
			isa = PBXFileReference;
			lastKnownFileType = sourcecode.cpp.objcpp;
			name = "include_juce_data_structures.mm";
			path = "../../JuceLibraryCode/include_juce_data_structures.mm";
			sourceTree = "SOURCE_ROOT";
		};
		C91D2FAB6739B64E106973B3 = {
			isa = PBXFileReference;
			lastKnownFileType = file;
			name = "juce_audio_processors";
			path = "/Users/orchisamadas/JUCE/modules/juce_audio_processors";
			sourceTree = "<absolute>";
		};
		CC916AC91DACFFE7A717A414 = {
			isa = PBXFileReference;
			lastKnownFileType = sourcecode.cpp.cpp;
			name = MainComponent.cpp;
			path = ../../Source/MainComponent.cpp;
			sourceTree = "SOURCE_ROOT";
		};
		CD654AB6BD633CFF0465E1FB = {
			isa = PBXFileReference;
			lastKnownFileType = wrapper.framework;
			name = CoreAudioKit.framework;
			path = System/Library/Frameworks/CoreAudioKit.framework;
			sourceTree = SDKROOT;
		};
		D5FBA5AC0A1FF14ECFD95AC0 = {
			isa = PBXFileReference;
			lastKnownFileType = file;
			name = "juce_graphics";
			path = "/Users/orchisamadas/JUCE/modules/juce_graphics";
			sourceTree = "<absolute>";
		};
		D885CC2221399E0CD170212A = {
			isa = PBXFileReference;
			lastKnownFileType = file;
			name = "juce_audio_formats";
			path = "/Users/orchisamadas/JUCE/modules/juce_audio_formats";
			sourceTree = "<absolute>";
		};
		E3EB607EED09957B21D1D895 = {
			isa = PBXFileReference;
			lastKnownFileType = sourcecode.c.h;
			name = MainComponent.h;
			path = ../../Source/MainComponent.h;
			sourceTree = "SOURCE_ROOT";
		};
		E7D0DDC0A4E4405B1E3929A5 = {
			isa = PBXFileReference;
			lastKnownFileType = text.plist.xml;
			name = "Info-App.plist";
			path = "Info-App.plist";
			sourceTree = "SOURCE_ROOT";
		};
		F62BC26B54079E7718BC0DDC = {
			isa = PBXFileReference;
			lastKnownFileType = sourcecode.cpp.cpp;
			name = Main.cpp;
			path = ../../Source/Main.cpp;
			sourceTree = "SOURCE_ROOT";
		};
		FD8CE766F3D7EDB9CDF86923 = {
			isa = PBXFileReference;
			lastKnownFileType = wrapper.framework;
			name = Accelerate.framework;
			path = System/Library/Frameworks/Accelerate.framework;
			sourceTree = SDKROOT;
		};
		BA53301349B00A593B1B9C3A = {
			isa = PBXGroup;
			children = (
				BFE3E15FA6D575FD2FEBDC2C,
				52139E082DE454916BCBBBD1,
				F62BC26B54079E7718BC0DDC,
				E3EB607EED09957B21D1D895,
				CC916AC91DACFFE7A717A414,
			);
			name = Source;
			sourceTree = "<group>";
		};
		F1C83F5C6FDDA4E32FA5DE6E = {
			isa = PBXGroup;
			children = (
				BA53301349B00A593B1B9C3A,
			);
			name = "PitchTracker_Standalone";
			sourceTree = "<group>";
		};
		2F88C45BD9CC906736B91752 = {
			isa = PBXGroup;
			children = (
				0B166CDECFCB8452843BE9E7,
				191CFB6757DF030FAFC599C4,
				D885CC2221399E0CD170212A,
				C91D2FAB6739B64E106973B3,
				15CE05B246FB3C209015C07E,
				35BE95AA33B603B97C114340,
				715AD83B67F76A2B74CEC716,
				15635CDC4CDF0A85B50F8C6C,
				9CA4BE89B1D52B06B597BE15,
				D5FBA5AC0A1FF14ECFD95AC0,
				9C900F76005824528A23EABD,
				44C7851F1F21396C06D1B9DA,
			);
			name = "JUCE Modules";
			sourceTree = "<group>";
		};
		D857A81C89F18206E05329F4 = {
			isa = PBXGroup;
			children = (
				3283FBFEB5C220C467FACF79,
				66B9CAF279484F835FA3391A,
				2F1504E9913FA4D659753736,
				88D2BAD5FDBB4C69D706E88F,
				77B8BEAB4D0F135AFCBA5BB6,
				8AF8C06A69A91EB03E621998,
				C4F4D126772EBF23FE3AFCF5,
				C490699C5B02BFC11A2A7403,
				A5EE67EB52D41C27A254CF64,
				93521E2B2AB264B25D4ABFFE,
				3E85CC04F9EA6F89CCA0E911,
				9213D21AA0350E0475B7E364,
				46A65FE7870CDD38A8BD8038,
			);
			name = "JUCE Library Code";
			sourceTree = "<group>";
		};
		23390FE893646677508FD9BE = {
			isa = PBXGroup;
			children = (
				E7D0DDC0A4E4405B1E3929A5,
				8C0712C9EE0C29F79EEF5A4B,
			);
			name = Resources;
			sourceTree = "<group>";
		};
		5B0D0FF8C99A4FA6725C13CF = {
			isa = PBXGroup;
			children = (
				FD8CE766F3D7EDB9CDF86923,
				0E2D75D4FF426F4956DB939C,
				B98C512F9B1EC5F7967760EC,
				752F7C39F153083D08100F28,
				B8A466205F180AFF013A187E,
				CD654AB6BD633CFF0465E1FB,
				812AF8CB032799640FEB6062,
				9F0077AC92D46206DB2D2FE1,
				062C20EBFD83CB6BDA400D16,
				93AF818FDE365A5F2C6B0BEC,
				597376952B3F656D2F7F0681,
			);
			name = Frameworks;
			sourceTree = "<group>";
		};
		35CC252354AC2CD8836309E2 = {
			isa = PBXGroup;
			children = (
				849D5E13355DA04EEA711C2D,
			);
			name = Products;
			sourceTree = "<group>";
		};
		9CC527C6175086F4D90147C2 = {
			isa = PBXGroup;
			children = (
				F1C83F5C6FDDA4E32FA5DE6E,
				2F88C45BD9CC906736B91752,
				D857A81C89F18206E05329F4,
				23390FE893646677508FD9BE,
				5B0D0FF8C99A4FA6725C13CF,
				35CC252354AC2CD8836309E2,
			);
			name = Source;
			sourceTree = "<group>";
		};
		605BECAB09B55ED434DB75F1 = {
			isa = XCBuildConfiguration;
			buildSettings = {
				CLANG_CXX_LANGUAGE_STANDARD = "c++14";
				CLANG_CXX_LIBRARY = "libc++";
				CLANG_LINK_OBJC_RUNTIME = NO;
				CODE_SIGN_IDENTITY = "";
				COMBINE_HIDPI_IMAGES = YES;
				CONFIGURATION_BUILD_DIR = "$(PROJECT_DIR)/build/$(CONFIGURATION)";
				COPY_PHASE_STRIP = NO;
				GCC_DYNAMIC_NO_PIC = NO;
				GCC_OPTIMIZATION_LEVEL = 0;
				GCC_PREPROCESSOR_DEFINITIONS = (
					"_DEBUG=1",
					"DEBUG=1",
					"JUCER_XCODE_MAC_F6D2F4CF=1",
					"JUCE_APP_VERSION=1.0.0",
					"JUCE_APP_VERSION_HEX=0x10000",
					"JucePlugin_Build_VST=0",
					"JucePlugin_Build_VST3=0",
					"JucePlugin_Build_AU=0",
					"JucePlugin_Build_AUv3=0",
					"JucePlugin_Build_RTAS=0",
					"JucePlugin_Build_AAX=0",
					"JucePlugin_Build_Standalone=0",
					"JucePlugin_Build_Unity=0",
					"JUCE_DISPLAY_SPLASH_SCREEN=1",
					"JUCE_USE_DARK_SPLASH_SCREEN=1",
					"JUCE_PROJUCER_VERSION=0x60004",
					"JUCE_MODULE_AVAILABLE_juce_audio_basics=1",
					"JUCE_MODULE_AVAILABLE_juce_audio_devices=1",
					"JUCE_MODULE_AVAILABLE_juce_audio_formats=1",
					"JUCE_MODULE_AVAILABLE_juce_audio_processors=1",
					"JUCE_MODULE_AVAILABLE_juce_audio_utils=1",
					"JUCE_MODULE_AVAILABLE_juce_core=1",
					"JUCE_MODULE_AVAILABLE_juce_data_structures=1",
					"JUCE_MODULE_AVAILABLE_juce_dsp=1",
					"JUCE_MODULE_AVAILABLE_juce_events=1",
					"JUCE_MODULE_AVAILABLE_juce_graphics=1",
					"JUCE_MODULE_AVAILABLE_juce_gui_basics=1",
					"JUCE_MODULE_AVAILABLE_juce_gui_extra=1",
					"JUCE_GLOBAL_MODULE_SETTINGS_INCLUDED=1",
					"JUCE_STRICT_REFCOUNTEDPOINTER=1",
					"JUCE_STANDALONE_APPLICATION=1",
				);
				GCC_VERSION = com.apple.compilers.llvm.clang.1_0;
				HEADER_SEARCH_PATHS = (
					"../../JuceLibraryCode",
					"/Users/orchisamadas/JUCE/modules",
					"/usr/local/include/eigen3",
					"$(inherited)",
				);
				INFOPLIST_FILE = Info-App.plist;
				INFOPLIST_PREPROCESS = NO;
				INSTALL_PATH = "$(HOME)/Applications";
				MACOSX_DEPLOYMENT_TARGET = 10.11;
				MTL_HEADER_SEARCH_PATHS = (
					"../../JuceLibraryCode",
					"/Users/orchisamadas/JUCE/modules",
					"/usr/local/include/eigen3",
				);
				PRODUCT_BUNDLE_IDENTIFIER = com.yourcompany.PitchTracker_Standalone;
				PRODUCT_NAME = "PitchTracker_Standalone";
				USE_HEADERMAP = NO;
				VALID_ARCHS = "i386 x86_64 arm64 arm64e";
			};
			name = Debug;
		};
		2075B323DD277F6D512C5226 = {
			isa = XCBuildConfiguration;
			buildSettings = {
				CLANG_CXX_LANGUAGE_STANDARD = "c++14";
				CLANG_CXX_LIBRARY = "libc++";
				CLANG_LINK_OBJC_RUNTIME = NO;
				CODE_SIGN_IDENTITY = "";
				COMBINE_HIDPI_IMAGES = YES;
				CONFIGURATION_BUILD_DIR = "$(PROJECT_DIR)/build/$(CONFIGURATION)";
				DEAD_CODE_STRIPPING = YES;
				GCC_GENERATE_DEBUGGING_SYMBOLS = NO;
				GCC_OPTIMIZATION_LEVEL = 3;
				GCC_PREPROCESSOR_DEFINITIONS = (
					"_NDEBUG=1",
					"NDEBUG=1",
					"JUCER_XCODE_MAC_F6D2F4CF=1",
					"JUCE_APP_VERSION=1.0.0",
					"JUCE_APP_VERSION_HEX=0x10000",
					"JucePlugin_Build_VST=0",
					"JucePlugin_Build_VST3=0",
					"JucePlugin_Build_AU=0",
					"JucePlugin_Build_AUv3=0",
					"JucePlugin_Build_RTAS=0",
					"JucePlugin_Build_AAX=0",
					"JucePlugin_Build_Standalone=0",
					"JucePlugin_Build_Unity=0",
					"JUCE_DISPLAY_SPLASH_SCREEN=1",
					"JUCE_USE_DARK_SPLASH_SCREEN=1",
					"JUCE_PROJUCER_VERSION=0x60004",
					"JUCE_MODULE_AVAILABLE_juce_audio_basics=1",
					"JUCE_MODULE_AVAILABLE_juce_audio_devices=1",
					"JUCE_MODULE_AVAILABLE_juce_audio_formats=1",
					"JUCE_MODULE_AVAILABLE_juce_audio_processors=1",
					"JUCE_MODULE_AVAILABLE_juce_audio_utils=1",
					"JUCE_MODULE_AVAILABLE_juce_core=1",
					"JUCE_MODULE_AVAILABLE_juce_data_structures=1",
					"JUCE_MODULE_AVAILABLE_juce_dsp=1",
					"JUCE_MODULE_AVAILABLE_juce_events=1",
					"JUCE_MODULE_AVAILABLE_juce_graphics=1",
					"JUCE_MODULE_AVAILABLE_juce_gui_basics=1",
					"JUCE_MODULE_AVAILABLE_juce_gui_extra=1",
					"JUCE_GLOBAL_MODULE_SETTINGS_INCLUDED=1",
					"JUCE_STRICT_REFCOUNTEDPOINTER=1",
					"JUCE_STANDALONE_APPLICATION=1",
				);
				GCC_VERSION = com.apple.compilers.llvm.clang.1_0;
				HEADER_SEARCH_PATHS = (
					"../../JuceLibraryCode",
					"/Users/orchisamadas/JUCE/modules",
					"$(inherited)",
				);
				INFOPLIST_FILE = Info-App.plist;
				INFOPLIST_PREPROCESS = NO;
				INSTALL_PATH = "$(HOME)/Applications";
				LLVM_LTO = YES;
				MACOSX_DEPLOYMENT_TARGET = 10.11;
				MTL_HEADER_SEARCH_PATHS = (
					"../../JuceLibraryCode",
					"/Users/orchisamadas/JUCE/modules",
				);
				PRODUCT_BUNDLE_IDENTIFIER = com.yourcompany.PitchTracker_Standalone;
				PRODUCT_NAME = "PitchTracker_Standalone";
				USE_HEADERMAP = NO;
				VALID_ARCHS = "i386 x86_64 arm64 arm64e";
			};
			name = Release;
		};
		D6A81EC50DB57F56D5ACA860 = {
			isa = XCBuildConfiguration;
			buildSettings = {
				ALWAYS_SEARCH_USER_PATHS = NO;
				CLANG_ENABLE_OBJC_WEAK = YES;
				CLANG_WARN_BLOCK_CAPTURE_AUTORELEASING = YES;
				CLANG_WARN_BOOL_CONVERSION = YES;
				CLANG_WARN_COMMA = YES;
				CLANG_WARN_CONSTANT_CONVERSION = YES;
				CLANG_WARN_DEPRECATED_OBJC_IMPLEMENTATIONS = YES;
				CLANG_WARN_EMPTY_BODY = YES;
				CLANG_WARN_ENUM_CONVERSION = YES;
				CLANG_WARN_INFINITE_RECURSION = YES;
				CLANG_WARN_INT_CONVERSION = YES;
				CLANG_WARN_NON_LITERAL_NULL_CONVERSION = YES;
				CLANG_WARN_OBJC_IMPLICIT_RETAIN_SELF = YES;
				CLANG_WARN_OBJC_LITERAL_CONVERSION = YES;
				CLANG_WARN_RANGE_LOOP_ANALYSIS = YES;
				CLANG_WARN_STRICT_PROTOTYPES = YES;
				CLANG_WARN_SUSPICIOUS_MOVE = YES;
				CLANG_WARN_UNREACHABLE_CODE = YES;
				CLANG_WARN__DUPLICATE_METHOD_MATCH = YES;
				CODE_SIGN_IDENTITY = "";
				DEBUG_INFORMATION_FORMAT = dwarf;
				ENABLE_STRICT_OBJC_MSGSEND = YES;
				ENABLE_TESTABILITY = NO;
				GCC_C_LANGUAGE_STANDARD = c11;
				GCC_INLINES_ARE_PRIVATE_EXTERN = YES;
				GCC_MODEL_TUNING = G5;
				GCC_NO_COMMON_BLOCKS = YES;
				GCC_SYMBOLS_PRIVATE_EXTERN = YES;
				GCC_WARN_64_TO_32_BIT_CONVERSION = YES;
				GCC_WARN_ABOUT_RETURN_TYPE = YES;
				GCC_WARN_CHECK_SWITCH_STATEMENTS = YES;
				GCC_WARN_MISSING_PARENTHESES = YES;
				GCC_WARN_NON_VIRTUAL_DESTRUCTOR = YES;
				GCC_WARN_TYPECHECK_CALLS_TO_PRINTF = YES;
				GCC_WARN_UNDECLARED_SELECTOR = YES;
				GCC_WARN_UNINITIALIZED_AUTOS = YES;
				GCC_WARN_UNUSED_FUNCTION = YES;
				GCC_WARN_UNUSED_VARIABLE = YES;
				ONLY_ACTIVE_ARCH = YES;
				PRODUCT_NAME = "PitchTracker_Standalone";
				SDKROOT = macosx;
				WARNING_CFLAGS = "-Wreorder";
				ZERO_LINK = NO;
			};
			name = Debug;
		};
		55BEC19803A1222DFA6FC811 = {
			isa = XCBuildConfiguration;
			buildSettings = {
				ALWAYS_SEARCH_USER_PATHS = NO;
				CLANG_ENABLE_OBJC_WEAK = YES;
				CLANG_WARN_BLOCK_CAPTURE_AUTORELEASING = YES;
				CLANG_WARN_BOOL_CONVERSION = YES;
				CLANG_WARN_COMMA = YES;
				CLANG_WARN_CONSTANT_CONVERSION = YES;
				CLANG_WARN_DEPRECATED_OBJC_IMPLEMENTATIONS = YES;
				CLANG_WARN_EMPTY_BODY = YES;
				CLANG_WARN_ENUM_CONVERSION = YES;
				CLANG_WARN_INFINITE_RECURSION = YES;
				CLANG_WARN_INT_CONVERSION = YES;
				CLANG_WARN_NON_LITERAL_NULL_CONVERSION = YES;
				CLANG_WARN_OBJC_IMPLICIT_RETAIN_SELF = YES;
				CLANG_WARN_OBJC_LITERAL_CONVERSION = YES;
				CLANG_WARN_RANGE_LOOP_ANALYSIS = YES;
				CLANG_WARN_STRICT_PROTOTYPES = YES;
				CLANG_WARN_SUSPICIOUS_MOVE = YES;
				CLANG_WARN_UNREACHABLE_CODE = YES;
				CLANG_WARN__DUPLICATE_METHOD_MATCH = YES;
				CODE_SIGN_IDENTITY = "";
				DEBUG_INFORMATION_FORMAT = dwarf;
				ENABLE_STRICT_OBJC_MSGSEND = YES;
				ENABLE_TESTABILITY = NO;
				GCC_C_LANGUAGE_STANDARD = c11;
				GCC_INLINES_ARE_PRIVATE_EXTERN = YES;
				GCC_MODEL_TUNING = G5;
				GCC_NO_COMMON_BLOCKS = YES;
				GCC_SYMBOLS_PRIVATE_EXTERN = YES;
				GCC_WARN_64_TO_32_BIT_CONVERSION = YES;
				GCC_WARN_ABOUT_RETURN_TYPE = YES;
				GCC_WARN_CHECK_SWITCH_STATEMENTS = YES;
				GCC_WARN_MISSING_PARENTHESES = YES;
				GCC_WARN_NON_VIRTUAL_DESTRUCTOR = YES;
				GCC_WARN_TYPECHECK_CALLS_TO_PRINTF = YES;
				GCC_WARN_UNDECLARED_SELECTOR = YES;
				GCC_WARN_UNINITIALIZED_AUTOS = YES;
				GCC_WARN_UNUSED_FUNCTION = YES;
				GCC_WARN_UNUSED_VARIABLE = YES;
				PRODUCT_NAME = "PitchTracker_Standalone";
				SDKROOT = macosx;
				WARNING_CFLAGS = "-Wreorder";
				ZERO_LINK = NO;
			};
			name = Release;
		};
		25B33C09FA73720BE92EB7D4 = {
			isa = XCConfigurationList;
			buildConfigurations = (
				D6A81EC50DB57F56D5ACA860,
				55BEC19803A1222DFA6FC811,
			);
			defaultConfigurationIsVisible = 0;
			defaultConfigurationName = Debug;
		};
		3738B65792F7CAD0AD656285 = {
			isa = XCConfigurationList;
			buildConfigurations = (
				605BECAB09B55ED434DB75F1,
				2075B323DD277F6D512C5226,
			);
			defaultConfigurationIsVisible = 0;
			defaultConfigurationName = Debug;
		};
		16E26593C8E61628503E9109 = {
			isa = PBXResourcesBuildPhase;
			buildActionMask = 2147483647;
			files = (
				BE0CEB3FA3995AA665D2E305,
			);
			runOnlyForDeploymentPostprocessing = 0;
		};
		5555A4CC84BED7DAF7220E78 = {
			isa = PBXSourcesBuildPhase;
			buildActionMask = 2147483647;
			files = (
				FBC6A515048FF253A2852897,
				366F548C9A6881537604B7F7,
				D9AB656A5FADBBCC9A41642C,
				36B130E615A6736589392A0C,
				A3A2C7B3288459CFB1B67F50,
				71CB326BE4855DD50FC22658,
				CF689B8E812FB79E7A250456,
				7DAA34B57F3D117F2BA660F7,
				7BDD1FA7B305257C8BA36079,
				D428D732590F5147B862C8BD,
				B3601E0D407F12E0611CA8BD,
				D8DFE324A32469CCA76474D5,
				1B55E58ED994252488B29246,
				53865DA5E9C73D46A3479178,
				D5057A80C0C7B3010409BA34,
			);
			runOnlyForDeploymentPostprocessing = 0;
		};
		9A074B4AC66FE94D491355F3 = {
			isa = PBXFrameworksBuildPhase;
			buildActionMask = 2147483647;
			files = (
				07388DBFCD01D8BE85A853B3,
				786A78DF1CC7317BD9714AC7,
				EE887A456026951E6AFB1AEF,
				CB48D60960F360DBFC45E6B4,
				A94013767A915134E03E81CF,
				97F6880C7FA1021FAABB5C3D,
				C21DEE1AF8CDE1885704A713,
				39ED2918610E83A66ADF7B29,
				F58594A9E90975F5E9545EFF,
				F1C225C32791CBFAEB633A79,
				A90C2EA9D3C1A6016277999E,
			);
			runOnlyForDeploymentPostprocessing = 0;
		};
		B559623166D4986D42CFE688 = {
			isa = PBXNativeTarget;
			buildConfigurationList = 3738B65792F7CAD0AD656285;
			buildPhases = (
				16E26593C8E61628503E9109,
				5555A4CC84BED7DAF7220E78,
				9A074B4AC66FE94D491355F3,
			);
			buildRules = ( );
			dependencies = ( );
			name = "PitchTracker_Standalone - App";
			productName = "PitchTracker_Standalone";
			productReference = 849D5E13355DA04EEA711C2D;
			productType = "com.apple.product-type.application";
		};
		A4D659BFC22B6769057CFC35 = {
			isa = PBXProject;
			buildConfigurationList = 25B33C09FA73720BE92EB7D4;
			attributes = { LastUpgradeCheck = 1200; ORGANIZATIONNAME = ""; TargetAttributes = { B559623166D4986D42CFE688 = { SystemCapabilities = {com.apple.ApplicationGroups.iOS = { enabled = 0; }; com.apple.InAppPurchase = { enabled = 0; }; com.apple.InterAppAudio = { enabled = 0; }; com.apple.Push = { enabled = 0; }; com.apple.Sandbox = { enabled = 0; }; com.apple.HardenedRuntime = { enabled = 0; }; }; }; }; };
			compatibilityVersion = "Xcode 3.2";
			hasScannedForEncodings = 0;
			mainGroup = 9CC527C6175086F4D90147C2;
			projectDirPath = "";
			projectRoot = "";
			targets = (B559623166D4986D42CFE688);
			knownRegions = (en, Base);
		};
	};
	rootObject = A4D659BFC22B6769057CFC35;
}
